// !$*UTF8*$!
{
	archiveVersion = 1;
	classes = {
	};
	objectVersion = 60;
	objects = {

/* Begin PBXBuildFile section */
		921C1D542928334A00FCC373 /* DriveLoggerApp.swift in Sources */ = {isa = PBXBuildFile; fileRef = 921C1D532928334A00FCC373 /* DriveLoggerApp.swift */; };
		921C1D582928334B00FCC373 /* Assets.xcassets in Resources */ = {isa = PBXBuildFile; fileRef = 921C1D572928334B00FCC373 /* Assets.xcassets */; };
		921C1D6A2928334C00FCC373 /* DriveLoggerTests.swift in Sources */ = {isa = PBXBuildFile; fileRef = 921C1D692928334C00FCC373 /* DriveLoggerTests.swift */; };
		921C1D762928334C00FCC373 /* DriveLoggerUITestsLaunchTests.swift in Sources */ = {isa = PBXBuildFile; fileRef = 921C1D752928334C00FCC373 /* DriveLoggerUITestsLaunchTests.swift */; };
		923615D3292ABD1E0097B9B1 /* HomeView.swift in Sources */ = {isa = PBXBuildFile; fileRef = 923615D2292ABD1E0097B9B1 /* HomeView.swift */; };
		923615D6292E9E010097B9B1 /* DriveView.swift in Sources */ = {isa = PBXBuildFile; fileRef = 923615D5292E9E010097B9B1 /* DriveView.swift */; };
		923CF3932B190CB8000E0011 /* HomeModel.swift in Sources */ = {isa = PBXBuildFile; fileRef = 923CF3922B190CB8000E0011 /* HomeModel.swift */; };
		9263EB14293FD44E00AC8EC3 /* DriveModel.xcdatamodeld in Sources */ = {isa = PBXBuildFile; fileRef = 9263EB12293FD44E00AC8EC3 /* DriveModel.xcdatamodeld */; };
		9263EB16293FD6D600AC8EC3 /* DataController.swift in Sources */ = {isa = PBXBuildFile; fileRef = 9263EB15293FD6D600AC8EC3 /* DataController.swift */; };
		9263EB1A294001A300AC8EC3 /* LoggedDrives.swift in Sources */ = {isa = PBXBuildFile; fileRef = 9263EB19294001A300AC8EC3 /* LoggedDrives.swift */; };
		92692EF8293BD915008D38C7 /* AddDriveView.swift in Sources */ = {isa = PBXBuildFile; fileRef = 92692EF7293BD915008D38C7 /* AddDriveView.swift */; };
		927E86072B167E6D0038E4AD /* ActionButtonStyle.swift in Sources */ = {isa = PBXBuildFile; fileRef = 927E86062B167E6D0038E4AD /* ActionButtonStyle.swift */; };
		92954A8829424AAB0047392C /* EditDriveView.swift in Sources */ = {isa = PBXBuildFile; fileRef = 92954A8729424AAB0047392C /* EditDriveView.swift */; };
		92A6629529F056BD00228064 /* HomeView_UITests.swift in Sources */ = {isa = PBXBuildFile; fileRef = 92A6629429F056BD00228064 /* HomeView_UITests.swift */; };
		92A6629729F0575B00228064 /* DriveView_UITests.swift in Sources */ = {isa = PBXBuildFile; fileRef = 92A6629629F0575B00228064 /* DriveView_UITests.swift */; };
		92A6629929F057CD00228064 /* LoggedDrives_UITests.swift in Sources */ = {isa = PBXBuildFile; fileRef = 92A6629829F057CD00228064 /* LoggedDrives_UITests.swift */; };
		92A6629B29F0582200228064 /* AddDriveView_UITests.swift in Sources */ = {isa = PBXBuildFile; fileRef = 92A6629A29F0582200228064 /* AddDriveView_UITests.swift */; };
		92A6629D29F0588B00228064 /* EditDriveView_UITests.swift in Sources */ = {isa = PBXBuildFile; fileRef = 92A6629C29F0588B00228064 /* EditDriveView_UITests.swift */; };
		92D873152B190036004B4707 /* PreviewAssets.xcassets in Resources */ = {isa = PBXBuildFile; fileRef = 92D873142B190036004B4707 /* PreviewAssets.xcassets */; };
		92DBE6EC2B1813B700D5C62B /* TimePickerView.swift in Sources */ = {isa = PBXBuildFile; fileRef = 92DBE6EB2B1813B700D5C62B /* TimePickerView.swift */; };
/* End PBXBuildFile section */

/* Begin PBXContainerItemProxy section */
		921C1D662928334C00FCC373 /* PBXContainerItemProxy */ = {
			isa = PBXContainerItemProxy;
			containerPortal = 921C1D482928334A00FCC373 /* Project object */;
			proxyType = 1;
			remoteGlobalIDString = 921C1D4F2928334A00FCC373;
			remoteInfo = "Drive Logger";
		};
		921C1D702928334C00FCC373 /* PBXContainerItemProxy */ = {
			isa = PBXContainerItemProxy;
			containerPortal = 921C1D482928334A00FCC373 /* Project object */;
			proxyType = 1;
			remoteGlobalIDString = 921C1D4F2928334A00FCC373;
			remoteInfo = "Drive Logger";
		};
/* End PBXContainerItemProxy section */

/* Begin PBXFileReference section */
		921C1D502928334A00FCC373 /* DriveLogger.app */ = {isa = PBXFileReference; explicitFileType = wrapper.application; includeInIndex = 0; path = DriveLogger.app; sourceTree = BUILT_PRODUCTS_DIR; };
		921C1D532928334A00FCC373 /* DriveLoggerApp.swift */ = {isa = PBXFileReference; lastKnownFileType = sourcecode.swift; path = DriveLoggerApp.swift; sourceTree = "<group>"; };
		921C1D572928334B00FCC373 /* Assets.xcassets */ = {isa = PBXFileReference; lastKnownFileType = folder.assetcatalog; path = Assets.xcassets; sourceTree = "<group>"; };
		921C1D652928334C00FCC373 /* DriveLoggerTests.xctest */ = {isa = PBXFileReference; explicitFileType = wrapper.cfbundle; includeInIndex = 0; path = DriveLoggerTests.xctest; sourceTree = BUILT_PRODUCTS_DIR; };
		921C1D692928334C00FCC373 /* DriveLoggerTests.swift */ = {isa = PBXFileReference; lastKnownFileType = sourcecode.swift; path = DriveLoggerTests.swift; sourceTree = "<group>"; };
		921C1D6F2928334C00FCC373 /* DriveLoggerUITests.xctest */ = {isa = PBXFileReference; explicitFileType = wrapper.cfbundle; includeInIndex = 0; path = DriveLoggerUITests.xctest; sourceTree = BUILT_PRODUCTS_DIR; };
		921C1D752928334C00FCC373 /* DriveLoggerUITestsLaunchTests.swift */ = {isa = PBXFileReference; lastKnownFileType = sourcecode.swift; path = DriveLoggerUITestsLaunchTests.swift; sourceTree = "<group>"; };
		923615D2292ABD1E0097B9B1 /* HomeView.swift */ = {isa = PBXFileReference; lastKnownFileType = sourcecode.swift; path = HomeView.swift; sourceTree = "<group>"; };
		923615D4292E530A0097B9B1 /* Drive-Logger-Info.plist */ = {isa = PBXFileReference; lastKnownFileType = text.plist; path = "Drive-Logger-Info.plist"; sourceTree = SOURCE_ROOT; };
		923615D5292E9E010097B9B1 /* DriveView.swift */ = {isa = PBXFileReference; lastKnownFileType = sourcecode.swift; path = DriveView.swift; sourceTree = "<group>"; };
		923CF3922B190CB8000E0011 /* HomeModel.swift */ = {isa = PBXFileReference; lastKnownFileType = sourcecode.swift; path = HomeModel.swift; sourceTree = "<group>"; };
		9263EB13293FD44E00AC8EC3 /* DriveModel.xcdatamodel */ = {isa = PBXFileReference; lastKnownFileType = wrapper.xcdatamodel; path = DriveModel.xcdatamodel; sourceTree = "<group>"; };
		9263EB15293FD6D600AC8EC3 /* DataController.swift */ = {isa = PBXFileReference; lastKnownFileType = sourcecode.swift; path = DataController.swift; sourceTree = "<group>"; };
		9263EB19294001A300AC8EC3 /* LoggedDrives.swift */ = {isa = PBXFileReference; lastKnownFileType = sourcecode.swift; path = LoggedDrives.swift; sourceTree = "<group>"; };
		92692EF7293BD915008D38C7 /* AddDriveView.swift */ = {isa = PBXFileReference; lastKnownFileType = sourcecode.swift; path = AddDriveView.swift; sourceTree = "<group>"; };
		927E86062B167E6D0038E4AD /* ActionButtonStyle.swift */ = {isa = PBXFileReference; lastKnownFileType = sourcecode.swift; path = ActionButtonStyle.swift; sourceTree = "<group>"; };
		92954A8729424AAB0047392C /* EditDriveView.swift */ = {isa = PBXFileReference; lastKnownFileType = sourcecode.swift; path = EditDriveView.swift; sourceTree = "<group>"; };
		92A6629429F056BD00228064 /* HomeView_UITests.swift */ = {isa = PBXFileReference; lastKnownFileType = sourcecode.swift; path = HomeView_UITests.swift; sourceTree = "<group>"; };
		92A6629629F0575B00228064 /* DriveView_UITests.swift */ = {isa = PBXFileReference; lastKnownFileType = sourcecode.swift; path = DriveView_UITests.swift; sourceTree = "<group>"; };
		92A6629829F057CD00228064 /* LoggedDrives_UITests.swift */ = {isa = PBXFileReference; lastKnownFileType = sourcecode.swift; path = LoggedDrives_UITests.swift; sourceTree = "<group>"; };
		92A6629A29F0582200228064 /* AddDriveView_UITests.swift */ = {isa = PBXFileReference; lastKnownFileType = sourcecode.swift; path = AddDriveView_UITests.swift; sourceTree = "<group>"; };
		92A6629C29F0588B00228064 /* EditDriveView_UITests.swift */ = {isa = PBXFileReference; lastKnownFileType = sourcecode.swift; path = EditDriveView_UITests.swift; sourceTree = "<group>"; };
		92D873142B190036004B4707 /* PreviewAssets.xcassets */ = {isa = PBXFileReference; lastKnownFileType = folder.assetcatalog; path = PreviewAssets.xcassets; sourceTree = "<group>"; };
		92DBE6EB2B1813B700D5C62B /* TimePickerView.swift */ = {isa = PBXFileReference; lastKnownFileType = sourcecode.swift; path = TimePickerView.swift; sourceTree = "<group>"; };
/* End PBXFileReference section */

/* Begin PBXFrameworksBuildPhase section */
		921C1D4D2928334A00FCC373 /* Frameworks */ = {
			isa = PBXFrameworksBuildPhase;
			buildActionMask = 2147483647;
			files = (
			);
			runOnlyForDeploymentPostprocessing = 0;
		};
		921C1D622928334C00FCC373 /* Frameworks */ = {
			isa = PBXFrameworksBuildPhase;
			buildActionMask = 2147483647;
			files = (
			);
			runOnlyForDeploymentPostprocessing = 0;
		};
		921C1D6C2928334C00FCC373 /* Frameworks */ = {
			isa = PBXFrameworksBuildPhase;
			buildActionMask = 2147483647;
			files = (
			);
			runOnlyForDeploymentPostprocessing = 0;
		};
/* End PBXFrameworksBuildPhase section */

/* Begin PBXGroup section */
		921C1D472928334A00FCC373 = {
			isa = PBXGroup;
			children = (
				921C1D522928334A00FCC373 /* DriveLogger */,
				921C1D682928334C00FCC373 /* DriveLoggerTests */,
				921C1D722928334C00FCC373 /* DriveLoggerUITests */,
				921C1D512928334A00FCC373 /* Products */,
			);
			sourceTree = "<group>";
		};
		921C1D512928334A00FCC373 /* Products */ = {
			isa = PBXGroup;
			children = (
				921C1D502928334A00FCC373 /* DriveLogger.app */,
				921C1D652928334C00FCC373 /* DriveLoggerTests.xctest */,
				921C1D6F2928334C00FCC373 /* DriveLoggerUITests.xctest */,
			);
			name = Products;
			sourceTree = "<group>";
		};
		921C1D522928334A00FCC373 /* DriveLogger */ = {
			isa = PBXGroup;
			children = (
				927E86052B167E590038E4AD /* Components */,
				921C1D532928334A00FCC373 /* DriveLoggerApp.swift */,
				923615D4292E530A0097B9B1 /* Drive-Logger-Info.plist */,
				9263EB17293FDBEB00AC8EC3 /* Features */,
				9263EB11293FD40000AC8EC3 /* DataModel */,
				921C1D572928334B00FCC373 /* Assets.xcassets */,
				921C1D592928334B00FCC373 /* PreviewContent */,
			);
			path = DriveLogger;
			sourceTree = "<group>";
		};
		921C1D592928334B00FCC373 /* PreviewContent */ = {
			isa = PBXGroup;
			children = (
				92D873142B190036004B4707 /* PreviewAssets.xcassets */,
			);
			path = PreviewContent;
			sourceTree = "<group>";
		};
		921C1D682928334C00FCC373 /* DriveLoggerTests */ = {
			isa = PBXGroup;
			children = (
				921C1D692928334C00FCC373 /* DriveLoggerTests.swift */,
			);
			path = DriveLoggerTests;
			sourceTree = "<group>";
		};
		921C1D722928334C00FCC373 /* DriveLoggerUITests */ = {
			isa = PBXGroup;
			children = (
				921C1D752928334C00FCC373 /* DriveLoggerUITestsLaunchTests.swift */,
				92A6629429F056BD00228064 /* HomeView_UITests.swift */,
				92A6629629F0575B00228064 /* DriveView_UITests.swift */,
				92A6629829F057CD00228064 /* LoggedDrives_UITests.swift */,
				92A6629A29F0582200228064 /* AddDriveView_UITests.swift */,
				92A6629C29F0588B00228064 /* EditDriveView_UITests.swift */,
			);
			path = DriveLoggerUITests;
			sourceTree = "<group>";
		};
		9263EB11293FD40000AC8EC3 /* DataModel */ = {
			isa = PBXGroup;
			children = (
				9263EB12293FD44E00AC8EC3 /* DriveModel.xcdatamodeld */,
				9263EB15293FD6D600AC8EC3 /* DataController.swift */,
			);
			path = DataModel;
			sourceTree = "<group>";
		};
		9263EB17293FDBEB00AC8EC3 /* Features */ = {
			isa = PBXGroup;
			children = (
				92D873162B1900A8004B4707 /* Home */,
				92D873172B19011B004B4707 /* Drive */,
				92D873182B190128004B4707 /* LoggedDrives */,
				92D873192B190171004B4707 /* EditDrive */,
			);
			path = Features;
			sourceTree = "<group>";
		};
		927E86052B167E590038E4AD /* Components */ = {
			isa = PBXGroup;
			children = (
				927E86062B167E6D0038E4AD /* ActionButtonStyle.swift */,
				92DBE6EB2B1813B700D5C62B /* TimePickerView.swift */,
			);
			path = Components;
			sourceTree = "<group>";
		};
		92D873162B1900A8004B4707 /* Home */ = {
			isa = PBXGroup;
			children = (
				923615D2292ABD1E0097B9B1 /* HomeView.swift */,
				923CF3922B190CB8000E0011 /* HomeModel.swift */,
			);
			path = Home;
			sourceTree = "<group>";
		};
		92D873172B19011B004B4707 /* Drive */ = {
			isa = PBXGroup;
			children = (
				923615D5292E9E010097B9B1 /* DriveView.swift */,
			);
			path = Drive;
			sourceTree = "<group>";
		};
		92D873182B190128004B4707 /* LoggedDrives */ = {
			isa = PBXGroup;
			children = (
				9263EB19294001A300AC8EC3 /* LoggedDrives.swift */,
			);
			path = LoggedDrives;
			sourceTree = "<group>";
		};
		92D873192B190171004B4707 /* EditDrive */ = {
			isa = PBXGroup;
			children = (
				92692EF7293BD915008D38C7 /* AddDriveView.swift */,
				92954A8729424AAB0047392C /* EditDriveView.swift */,
			);
			path = EditDrive;
			sourceTree = "<group>";
		};
/* End PBXGroup section */

/* Begin PBXNativeTarget section */
		921C1D4F2928334A00FCC373 /* DriveLogger */ = {
			isa = PBXNativeTarget;
			buildConfigurationList = 921C1D792928334C00FCC373 /* Build configuration list for PBXNativeTarget "DriveLogger" */;
			buildPhases = (
				921C1D4C2928334A00FCC373 /* Sources */,
				921C1D4D2928334A00FCC373 /* Frameworks */,
				921C1D4E2928334A00FCC373 /* Resources */,
			);
			buildRules = (
			);
			dependencies = (
			);
			name = DriveLogger;
			productName = "Drive Logger";
			productReference = 921C1D502928334A00FCC373 /* DriveLogger.app */;
			productType = "com.apple.product-type.application";
		};
		921C1D642928334C00FCC373 /* DriveLoggerTests */ = {
			isa = PBXNativeTarget;
			buildConfigurationList = 921C1D7C2928334C00FCC373 /* Build configuration list for PBXNativeTarget "DriveLoggerTests" */;
			buildPhases = (
				921C1D612928334C00FCC373 /* Sources */,
				921C1D622928334C00FCC373 /* Frameworks */,
				921C1D632928334C00FCC373 /* Resources */,
			);
			buildRules = (
			);
			dependencies = (
				921C1D672928334C00FCC373 /* PBXTargetDependency */,
			);
			name = DriveLoggerTests;
			productName = "Drive LoggerTests";
			productReference = 921C1D652928334C00FCC373 /* DriveLoggerTests.xctest */;
			productType = "com.apple.product-type.bundle.unit-test";
		};
		921C1D6E2928334C00FCC373 /* DriveLoggerUITests */ = {
			isa = PBXNativeTarget;
			buildConfigurationList = 921C1D7F2928334C00FCC373 /* Build configuration list for PBXNativeTarget "DriveLoggerUITests" */;
			buildPhases = (
				921C1D6B2928334C00FCC373 /* Sources */,
				921C1D6C2928334C00FCC373 /* Frameworks */,
				921C1D6D2928334C00FCC373 /* Resources */,
			);
			buildRules = (
			);
			dependencies = (
				921C1D712928334C00FCC373 /* PBXTargetDependency */,
			);
			name = DriveLoggerUITests;
			productName = "Drive LoggerUITests";
			productReference = 921C1D6F2928334C00FCC373 /* DriveLoggerUITests.xctest */;
			productType = "com.apple.product-type.bundle.ui-testing";
		};
/* End PBXNativeTarget section */

/* Begin PBXProject section */
		921C1D482928334A00FCC373 /* Project object */ = {
			isa = PBXProject;
			attributes = {
				BuildIndependentTargetsInParallel = 1;
				LastSwiftUpdateCheck = 1410;
				LastUpgradeCheck = 1500;
				TargetAttributes = {
					921C1D4F2928334A00FCC373 = {
						CreatedOnToolsVersion = 14.1;
					};
					921C1D642928334C00FCC373 = {
						CreatedOnToolsVersion = 14.1;
						TestTargetID = 921C1D4F2928334A00FCC373;
					};
					921C1D6E2928334C00FCC373 = {
						CreatedOnToolsVersion = 14.1;
						TestTargetID = 921C1D4F2928334A00FCC373;
					};
				};
			};
			buildConfigurationList = 921C1D4B2928334A00FCC373 /* Build configuration list for PBXProject "Drive Logger" */;
			compatibilityVersion = "Xcode 15.0";
			developmentRegion = en;
			hasScannedForEncodings = 0;
			knownRegions = (
				en,
				Base,
			);
			mainGroup = 921C1D472928334A00FCC373;
			productRefGroup = 921C1D512928334A00FCC373 /* Products */;
			projectDirPath = "";
			projectRoot = "";
			targets = (
				921C1D4F2928334A00FCC373 /* DriveLogger */,
				921C1D642928334C00FCC373 /* DriveLoggerTests */,
				921C1D6E2928334C00FCC373 /* DriveLoggerUITests */,
			);
		};
/* End PBXProject section */

/* Begin PBXResourcesBuildPhase section */
		921C1D4E2928334A00FCC373 /* Resources */ = {
			isa = PBXResourcesBuildPhase;
			buildActionMask = 2147483647;
			files = (
				92D873152B190036004B4707 /* PreviewAssets.xcassets in Resources */,
				921C1D582928334B00FCC373 /* Assets.xcassets in Resources */,
			);
			runOnlyForDeploymentPostprocessing = 0;
		};
		921C1D632928334C00FCC373 /* Resources */ = {
			isa = PBXResourcesBuildPhase;
			buildActionMask = 2147483647;
			files = (
			);
			runOnlyForDeploymentPostprocessing = 0;
		};
		921C1D6D2928334C00FCC373 /* Resources */ = {
			isa = PBXResourcesBuildPhase;
			buildActionMask = 2147483647;
			files = (
			);
			runOnlyForDeploymentPostprocessing = 0;
		};
/* End PBXResourcesBuildPhase section */

/* Begin PBXSourcesBuildPhase section */
		921C1D4C2928334A00FCC373 /* Sources */ = {
			isa = PBXSourcesBuildPhase;
			buildActionMask = 2147483647;
			files = (
				92954A8829424AAB0047392C /* EditDriveView.swift in Sources */,
				9263EB1A294001A300AC8EC3 /* LoggedDrives.swift in Sources */,
				923CF3932B190CB8000E0011 /* HomeModel.swift in Sources */,
				927E86072B167E6D0038E4AD /* ActionButtonStyle.swift in Sources */,
				92DBE6EC2B1813B700D5C62B /* TimePickerView.swift in Sources */,
				923615D3292ABD1E0097B9B1 /* HomeView.swift in Sources */,
				92692EF8293BD915008D38C7 /* AddDriveView.swift in Sources */,
				9263EB16293FD6D600AC8EC3 /* DataController.swift in Sources */,
				9263EB14293FD44E00AC8EC3 /* DriveModel.xcdatamodeld in Sources */,
				921C1D542928334A00FCC373 /* DriveLoggerApp.swift in Sources */,
				923615D6292E9E010097B9B1 /* DriveView.swift in Sources */,
			);
			runOnlyForDeploymentPostprocessing = 0;
		};
		921C1D612928334C00FCC373 /* Sources */ = {
			isa = PBXSourcesBuildPhase;
			buildActionMask = 2147483647;
			files = (
				921C1D6A2928334C00FCC373 /* DriveLoggerTests.swift in Sources */,
			);
			runOnlyForDeploymentPostprocessing = 0;
		};
		921C1D6B2928334C00FCC373 /* Sources */ = {
			isa = PBXSourcesBuildPhase;
			buildActionMask = 2147483647;
			files = (
				92A6629529F056BD00228064 /* HomeView_UITests.swift in Sources */,
				92A6629D29F0588B00228064 /* EditDriveView_UITests.swift in Sources */,
				921C1D762928334C00FCC373 /* DriveLoggerUITestsLaunchTests.swift in Sources */,
				92A6629929F057CD00228064 /* LoggedDrives_UITests.swift in Sources */,
				92A6629729F0575B00228064 /* DriveView_UITests.swift in Sources */,
				92A6629B29F0582200228064 /* AddDriveView_UITests.swift in Sources */,
			);
			runOnlyForDeploymentPostprocessing = 0;
		};
/* End PBXSourcesBuildPhase section */

/* Begin PBXTargetDependency section */
		921C1D672928334C00FCC373 /* PBXTargetDependency */ = {
			isa = PBXTargetDependency;
			target = 921C1D4F2928334A00FCC373 /* DriveLogger */;
			targetProxy = 921C1D662928334C00FCC373 /* PBXContainerItemProxy */;
		};
		921C1D712928334C00FCC373 /* PBXTargetDependency */ = {
			isa = PBXTargetDependency;
			target = 921C1D4F2928334A00FCC373 /* DriveLogger */;
			targetProxy = 921C1D702928334C00FCC373 /* PBXContainerItemProxy */;
		};
/* End PBXTargetDependency section */

/* Begin XCBuildConfiguration section */
		921C1D772928334C00FCC373 /* Debug */ = {
			isa = XCBuildConfiguration;
			buildSettings = {
				ALWAYS_SEARCH_USER_PATHS = NO;
				ASSETCATALOG_COMPILER_GENERATE_SWIFT_ASSET_SYMBOL_EXTENSIONS = YES;
				CLANG_ANALYZER_NONNULL = YES;
				CLANG_ANALYZER_NUMBER_OBJECT_CONVERSION = YES_AGGRESSIVE;
				CLANG_CXX_LANGUAGE_STANDARD = "gnu++20";
				CLANG_ENABLE_MODULES = YES;
				CLANG_ENABLE_OBJC_ARC = YES;
				CLANG_ENABLE_OBJC_WEAK = YES;
				CLANG_WARN_BLOCK_CAPTURE_AUTORELEASING = YES;
				CLANG_WARN_BOOL_CONVERSION = YES;
				CLANG_WARN_COMMA = YES;
				CLANG_WARN_CONSTANT_CONVERSION = YES;
				CLANG_WARN_DEPRECATED_OBJC_IMPLEMENTATIONS = YES;
				CLANG_WARN_DIRECT_OBJC_ISA_USAGE = YES_ERROR;
				CLANG_WARN_DOCUMENTATION_COMMENTS = YES;
				CLANG_WARN_EMPTY_BODY = YES;
				CLANG_WARN_ENUM_CONVERSION = YES;
				CLANG_WARN_INFINITE_RECURSION = YES;
				CLANG_WARN_INT_CONVERSION = YES;
				CLANG_WARN_NON_LITERAL_NULL_CONVERSION = YES;
				CLANG_WARN_OBJC_IMPLICIT_RETAIN_SELF = YES;
				CLANG_WARN_OBJC_LITERAL_CONVERSION = YES;
				CLANG_WARN_OBJC_ROOT_CLASS = YES_ERROR;
				CLANG_WARN_QUOTED_INCLUDE_IN_FRAMEWORK_HEADER = YES;
				CLANG_WARN_RANGE_LOOP_ANALYSIS = YES;
				CLANG_WARN_STRICT_PROTOTYPES = YES;
				CLANG_WARN_SUSPICIOUS_MOVE = YES;
				CLANG_WARN_UNGUARDED_AVAILABILITY = YES_AGGRESSIVE;
				CLANG_WARN_UNREACHABLE_CODE = YES;
				CLANG_WARN__DUPLICATE_METHOD_MATCH = YES;
				COPY_PHASE_STRIP = NO;
				DEBUG_INFORMATION_FORMAT = dwarf;
				ENABLE_STRICT_OBJC_MSGSEND = YES;
				ENABLE_TESTABILITY = YES;
				ENABLE_USER_SCRIPT_SANDBOXING = YES;
				GCC_C_LANGUAGE_STANDARD = gnu11;
				GCC_DYNAMIC_NO_PIC = NO;
				GCC_NO_COMMON_BLOCKS = YES;
				GCC_OPTIMIZATION_LEVEL = 0;
				GCC_PREPROCESSOR_DEFINITIONS = (
					"DEBUG=1",
					"$(inherited)",
				);
				GCC_WARN_64_TO_32_BIT_CONVERSION = YES;
				GCC_WARN_ABOUT_RETURN_TYPE = YES_ERROR;
				GCC_WARN_UNDECLARED_SELECTOR = YES;
				GCC_WARN_UNINITIALIZED_AUTOS = YES_AGGRESSIVE;
				GCC_WARN_UNUSED_FUNCTION = YES;
				GCC_WARN_UNUSED_VARIABLE = YES;
				IPHONEOS_DEPLOYMENT_TARGET = 17.0;
				MTL_ENABLE_DEBUG_INFO = INCLUDE_SOURCE;
				MTL_FAST_MATH = YES;
				ONLY_ACTIVE_ARCH = YES;
				SDKROOT = iphoneos;
				SWIFT_ACTIVE_COMPILATION_CONDITIONS = DEBUG;
				SWIFT_OPTIMIZATION_LEVEL = "-Onone";
			};
			name = Debug;
		};
		921C1D782928334C00FCC373 /* Release */ = {
			isa = XCBuildConfiguration;
			buildSettings = {
				ALWAYS_SEARCH_USER_PATHS = NO;
				ASSETCATALOG_COMPILER_GENERATE_SWIFT_ASSET_SYMBOL_EXTENSIONS = YES;
				CLANG_ANALYZER_NONNULL = YES;
				CLANG_ANALYZER_NUMBER_OBJECT_CONVERSION = YES_AGGRESSIVE;
				CLANG_CXX_LANGUAGE_STANDARD = "gnu++20";
				CLANG_ENABLE_MODULES = YES;
				CLANG_ENABLE_OBJC_ARC = YES;
				CLANG_ENABLE_OBJC_WEAK = YES;
				CLANG_WARN_BLOCK_CAPTURE_AUTORELEASING = YES;
				CLANG_WARN_BOOL_CONVERSION = YES;
				CLANG_WARN_COMMA = YES;
				CLANG_WARN_CONSTANT_CONVERSION = YES;
				CLANG_WARN_DEPRECATED_OBJC_IMPLEMENTATIONS = YES;
				CLANG_WARN_DIRECT_OBJC_ISA_USAGE = YES_ERROR;
				CLANG_WARN_DOCUMENTATION_COMMENTS = YES;
				CLANG_WARN_EMPTY_BODY = YES;
				CLANG_WARN_ENUM_CONVERSION = YES;
				CLANG_WARN_INFINITE_RECURSION = YES;
				CLANG_WARN_INT_CONVERSION = YES;
				CLANG_WARN_NON_LITERAL_NULL_CONVERSION = YES;
				CLANG_WARN_OBJC_IMPLICIT_RETAIN_SELF = YES;
				CLANG_WARN_OBJC_LITERAL_CONVERSION = YES;
				CLANG_WARN_OBJC_ROOT_CLASS = YES_ERROR;
				CLANG_WARN_QUOTED_INCLUDE_IN_FRAMEWORK_HEADER = YES;
				CLANG_WARN_RANGE_LOOP_ANALYSIS = YES;
				CLANG_WARN_STRICT_PROTOTYPES = YES;
				CLANG_WARN_SUSPICIOUS_MOVE = YES;
				CLANG_WARN_UNGUARDED_AVAILABILITY = YES_AGGRESSIVE;
				CLANG_WARN_UNREACHABLE_CODE = YES;
				CLANG_WARN__DUPLICATE_METHOD_MATCH = YES;
				COPY_PHASE_STRIP = NO;
				DEBUG_INFORMATION_FORMAT = "dwarf-with-dsym";
				ENABLE_NS_ASSERTIONS = NO;
				ENABLE_STRICT_OBJC_MSGSEND = YES;
				ENABLE_USER_SCRIPT_SANDBOXING = YES;
				GCC_C_LANGUAGE_STANDARD = gnu11;
				GCC_NO_COMMON_BLOCKS = YES;
				GCC_WARN_64_TO_32_BIT_CONVERSION = YES;
				GCC_WARN_ABOUT_RETURN_TYPE = YES_ERROR;
				GCC_WARN_UNDECLARED_SELECTOR = YES;
				GCC_WARN_UNINITIALIZED_AUTOS = YES_AGGRESSIVE;
				GCC_WARN_UNUSED_FUNCTION = YES;
				GCC_WARN_UNUSED_VARIABLE = YES;
				IPHONEOS_DEPLOYMENT_TARGET = 17.0;
				MTL_ENABLE_DEBUG_INFO = NO;
				MTL_FAST_MATH = YES;
				SDKROOT = iphoneos;
				SWIFT_COMPILATION_MODE = wholemodule;
				SWIFT_OPTIMIZATION_LEVEL = "-O";
				VALIDATE_PRODUCT = YES;
			};
			name = Release;
		};
		921C1D7A2928334C00FCC373 /* Debug */ = {
			isa = XCBuildConfiguration;
			buildSettings = {
				ASSETCATALOG_COMPILER_APPICON_NAME = AppIcon;
				ASSETCATALOG_COMPILER_GLOBAL_ACCENT_COLOR_NAME = AccentColor;
				CODE_SIGN_STYLE = Automatic;
				CURRENT_PROJECT_VERSION = 1;
				DEVELOPMENT_ASSET_PATHS = "\"DriveLogger/PreviewContent\"";
				DEVELOPMENT_TEAM = 9HCRY829GD;
				ENABLE_PREVIEWS = YES;
				GENERATE_INFOPLIST_FILE = YES;
				INFOPLIST_FILE = "Drive-Logger-Info.plist";
				INFOPLIST_KEY_UIApplicationSceneManifest_Generation = YES;
				INFOPLIST_KEY_UIApplicationSupportsIndirectInputEvents = YES;
				INFOPLIST_KEY_UILaunchStoryboardName = "/Users/zach/Documents/Classes/F23/CIS622/Term Project/DriveLogger/DriveLogger/Assets.xcassets/logo.imageset/LauchScreen.png";
				INFOPLIST_KEY_UISupportedInterfaceOrientations = "UIInterfaceOrientationLandscapeLeft UIInterfaceOrientationLandscapeRight UIInterfaceOrientationPortrait UIInterfaceOrientationPortraitUpsideDown";
				LD_RUNPATH_SEARCH_PATHS = (
					"$(inherited)",
					"@executable_path/Frameworks",
				);
				MARKETING_VERSION = 1.0;
				PRODUCT_BUNDLE_IDENTIFIER = "ZachVeenstra.Drive-Logger";
				PRODUCT_NAME = "$(TARGET_NAME)";
				SWIFT_EMIT_LOC_STRINGS = YES;
				SWIFT_VERSION = 5.0;
				TARGETED_DEVICE_FAMILY = "1,2";
			};
			name = Debug;
		};
		921C1D7B2928334C00FCC373 /* Release */ = {
			isa = XCBuildConfiguration;
			buildSettings = {
				ASSETCATALOG_COMPILER_APPICON_NAME = AppIcon;
				ASSETCATALOG_COMPILER_GLOBAL_ACCENT_COLOR_NAME = AccentColor;
				CODE_SIGN_STYLE = Automatic;
				CURRENT_PROJECT_VERSION = 1;
				DEVELOPMENT_ASSET_PATHS = "\"DriveLogger/PreviewContent\"";
				DEVELOPMENT_TEAM = 9HCRY829GD;
				ENABLE_PREVIEWS = YES;
				GENERATE_INFOPLIST_FILE = YES;
				INFOPLIST_FILE = "Drive-Logger-Info.plist";
				INFOPLIST_KEY_UIApplicationSceneManifest_Generation = YES;
				INFOPLIST_KEY_UIApplicationSupportsIndirectInputEvents = YES;
				INFOPLIST_KEY_UILaunchStoryboardName = "/Users/zach/Documents/Classes/F23/CIS622/Term Project/DriveLogger/DriveLogger/Assets.xcassets/logo.imageset/LauchScreen.png";
				INFOPLIST_KEY_UISupportedInterfaceOrientations = "UIInterfaceOrientationLandscapeLeft UIInterfaceOrientationLandscapeRight UIInterfaceOrientationPortrait UIInterfaceOrientationPortraitUpsideDown";
				LD_RUNPATH_SEARCH_PATHS = (
					"$(inherited)",
					"@executable_path/Frameworks",
				);
				MARKETING_VERSION = 1.0;
				PRODUCT_BUNDLE_IDENTIFIER = "ZachVeenstra.Drive-Logger";
				PRODUCT_NAME = "$(TARGET_NAME)";
				SWIFT_EMIT_LOC_STRINGS = YES;
				SWIFT_VERSION = 5.0;
				TARGETED_DEVICE_FAMILY = "1,2";
			};
			name = Release;
		};
		921C1D7D2928334C00FCC373 /* Debug */ = {
			isa = XCBuildConfiguration;
			buildSettings = {
				ALWAYS_EMBED_SWIFT_STANDARD_LIBRARIES = YES;
				BUNDLE_LOADER = "$(TEST_HOST)";
				CODE_SIGN_STYLE = Automatic;
				CURRENT_PROJECT_VERSION = 1;
				GENERATE_INFOPLIST_FILE = YES;
				IPHONEOS_DEPLOYMENT_TARGET = 17.0;
				MARKETING_VERSION = 1.0;
				PRODUCT_BUNDLE_IDENTIFIER = "ZachVeenstra.Drive-LoggerTests";
				PRODUCT_NAME = "$(TARGET_NAME)";
				SWIFT_EMIT_LOC_STRINGS = NO;
				SWIFT_VERSION = 5.0;
				TARGETED_DEVICE_FAMILY = "1,2";
				TEST_HOST = "$(BUILT_PRODUCTS_DIR)/Drive Logger.app/$(BUNDLE_EXECUTABLE_FOLDER_PATH)/Drive Logger";
			};
			name = Debug;
		};
		921C1D7E2928334C00FCC373 /* Release */ = {
			isa = XCBuildConfiguration;
			buildSettings = {
				ALWAYS_EMBED_SWIFT_STANDARD_LIBRARIES = YES;
				BUNDLE_LOADER = "$(TEST_HOST)";
				CODE_SIGN_STYLE = Automatic;
				CURRENT_PROJECT_VERSION = 1;
				GENERATE_INFOPLIST_FILE = YES;
				IPHONEOS_DEPLOYMENT_TARGET = 17.0;
				MARKETING_VERSION = 1.0;
				PRODUCT_BUNDLE_IDENTIFIER = "ZachVeenstra.Drive-LoggerTests";
				PRODUCT_NAME = "$(TARGET_NAME)";
				SWIFT_EMIT_LOC_STRINGS = NO;
				SWIFT_VERSION = 5.0;
				TARGETED_DEVICE_FAMILY = "1,2";
				TEST_HOST = "$(BUILT_PRODUCTS_DIR)/Drive Logger.app/$(BUNDLE_EXECUTABLE_FOLDER_PATH)/Drive Logger";
			};
			name = Release;
		};
		921C1D802928334C00FCC373 /* Debug */ = {
			isa = XCBuildConfiguration;
			buildSettings = {
				ALWAYS_EMBED_SWIFT_STANDARD_LIBRARIES = YES;
				CODE_SIGN_STYLE = Automatic;
				CURRENT_PROJECT_VERSION = 1;
				GENERATE_INFOPLIST_FILE = YES;
				MARKETING_VERSION = 1.0;
				PRODUCT_BUNDLE_IDENTIFIER = "ZachVeenstra.Drive-LoggerUITests";
				PRODUCT_NAME = "$(TARGET_NAME)";
				SWIFT_EMIT_LOC_STRINGS = NO;
				SWIFT_VERSION = 5.0;
				TARGETED_DEVICE_FAMILY = "1,2";
				TEST_TARGET_NAME = "Drive Logger";
			};
			name = Debug;
		};
		921C1D812928334C00FCC373 /* Release */ = {
			isa = XCBuildConfiguration;
			buildSettings = {
				ALWAYS_EMBED_SWIFT_STANDARD_LIBRARIES = YES;
				CODE_SIGN_STYLE = Automatic;
				CURRENT_PROJECT_VERSION = 1;
				GENERATE_INFOPLIST_FILE = YES;
				MARKETING_VERSION = 1.0;
				PRODUCT_BUNDLE_IDENTIFIER = "ZachVeenstra.Drive-LoggerUITests";
				PRODUCT_NAME = "$(TARGET_NAME)";
				SWIFT_EMIT_LOC_STRINGS = NO;
				SWIFT_VERSION = 5.0;
				TARGETED_DEVICE_FAMILY = "1,2";
				TEST_TARGET_NAME = "Drive Logger";
			};
			name = Release;
		};
/* End XCBuildConfiguration section */

/* Begin XCConfigurationList section */
		921C1D4B2928334A00FCC373 /* Build configuration list for PBXProject "Drive Logger" */ = {
			isa = XCConfigurationList;
			buildConfigurations = (
				921C1D772928334C00FCC373 /* Debug */,
				921C1D782928334C00FCC373 /* Release */,
			);
			defaultConfigurationIsVisible = 0;
			defaultConfigurationName = Release;
		};
		921C1D792928334C00FCC373 /* Build configuration list for PBXNativeTarget "DriveLogger" */ = {
			isa = XCConfigurationList;
			buildConfigurations = (
				921C1D7A2928334C00FCC373 /* Debug */,
				921C1D7B2928334C00FCC373 /* Release */,
			);
			defaultConfigurationIsVisible = 0;
			defaultConfigurationName = Release;
		};
		921C1D7C2928334C00FCC373 /* Build configuration list for PBXNativeTarget "DriveLoggerTests" */ = {
			isa = XCConfigurationList;
			buildConfigurations = (
				921C1D7D2928334C00FCC373 /* Debug */,
				921C1D7E2928334C00FCC373 /* Release */,
			);
			defaultConfigurationIsVisible = 0;
			defaultConfigurationName = Release;
		};
		921C1D7F2928334C00FCC373 /* Build configuration list for PBXNativeTarget "DriveLoggerUITests" */ = {
			isa = XCConfigurationList;
			buildConfigurations = (
				921C1D802928334C00FCC373 /* Debug */,
				921C1D812928334C00FCC373 /* Release */,
			);
			defaultConfigurationIsVisible = 0;
			defaultConfigurationName = Release;
		};
/* End XCConfigurationList section */

/* Begin XCVersionGroup section */
		9263EB12293FD44E00AC8EC3 /* DriveModel.xcdatamodeld */ = {
			isa = XCVersionGroup;
			children = (
				9263EB13293FD44E00AC8EC3 /* DriveModel.xcdatamodel */,
			);
			currentVersion = 9263EB13293FD44E00AC8EC3 /* DriveModel.xcdatamodel */;
			path = DriveModel.xcdatamodeld;
			sourceTree = "<group>";
			versionGroupType = wrapper.xcdatamodel;
		};
/* End XCVersionGroup section */
	};
	rootObject = 921C1D482928334A00FCC373 /* Project object */;
}
