// !$*UTF8*$!
{
	archiveVersion = 1;
	classes = {
	};
	objectVersion = 60;
	objects = {

/* Begin PBXBuildFile section */
		920FBEDE2BE9334F00220584 /* WidgetKit.framework in Frameworks */ = {isa = PBXBuildFile; fileRef = 920FBEDD2BE9334E00220584 /* WidgetKit.framework */; };
		920FBEE02BE9334F00220584 /* SwiftUI.framework in Frameworks */ = {isa = PBXBuildFile; fileRef = 920FBEDF2BE9334F00220584 /* SwiftUI.framework */; };
		920FBEE32BE9334F00220584 /* DriveLoggerWidgetBundle.swift in Sources */ = {isa = PBXBuildFile; fileRef = 920FBEE22BE9334F00220584 /* DriveLoggerWidgetBundle.swift */; };
		920FBEE52BE9334F00220584 /* DriveLoggerWidgetLiveActivity.swift in Sources */ = {isa = PBXBuildFile; fileRef = 920FBEE42BE9334F00220584 /* DriveLoggerWidgetLiveActivity.swift */; };
		920FBEE92BE9335200220584 /* Assets.xcassets in Resources */ = {isa = PBXBuildFile; fileRef = 920FBEE82BE9335200220584 /* Assets.xcassets */; };
		920FBEED2BE9335200220584 /* DriveLoggerWidgetExtension.appex in Embed Foundation Extensions */ = {isa = PBXBuildFile; fileRef = 920FBEDB2BE9334E00220584 /* DriveLoggerWidgetExtension.appex */; settings = {ATTRIBUTES = (RemoveHeadersOnCopy, ); }; };
		920FBEF22BE9348300220584 /* DriveLoggerWidgetLiveActivity.swift in Sources */ = {isa = PBXBuildFile; fileRef = 920FBEE42BE9334F00220584 /* DriveLoggerWidgetLiveActivity.swift */; };
		921C1D542928334A00FCC373 /* DriveLoggerApp.swift in Sources */ = {isa = PBXBuildFile; fileRef = 921C1D532928334A00FCC373 /* DriveLoggerApp.swift */; };
		921C1D582928334B00FCC373 /* Assets.xcassets in Resources */ = {isa = PBXBuildFile; fileRef = 921C1D572928334B00FCC373 /* Assets.xcassets */; };
		921C1D6A2928334C00FCC373 /* DriveLoggerTests.swift in Sources */ = {isa = PBXBuildFile; fileRef = 921C1D692928334C00FCC373 /* DriveLoggerTests.swift */; };
		921C1D762928334C00FCC373 /* DriveLoggerUITestsLaunchTests.swift in Sources */ = {isa = PBXBuildFile; fileRef = 921C1D752928334C00FCC373 /* DriveLoggerUITestsLaunchTests.swift */; };
		9223AF182C08F63100F6476E /* RoadMultiPickerViewModel.swift in Sources */ = {isa = PBXBuildFile; fileRef = 929CD2282C06ED02009C0956 /* RoadMultiPickerViewModel.swift */; };
		92244B832B1FEDF700BE5D80 /* LoggedDriveItemView.swift in Sources */ = {isa = PBXBuildFile; fileRef = 92244B822B1FEDF700BE5D80 /* LoggedDriveItemView.swift */; };
		92244B862B20007600BE5D80 /* TimeConverter.swift in Sources */ = {isa = PBXBuildFile; fileRef = 92244B852B20007600BE5D80 /* TimeConverter.swift */; };
		923615D3292ABD1E0097B9B1 /* HomeView.swift in Sources */ = {isa = PBXBuildFile; fileRef = 923615D2292ABD1E0097B9B1 /* HomeView.swift */; };
		923615D6292E9E010097B9B1 /* DriveView.swift in Sources */ = {isa = PBXBuildFile; fileRef = 923615D5292E9E010097B9B1 /* DriveView.swift */; };
		924BEB872BEA97E000AF98CF /* DriveLoggerWidget.swift in Sources */ = {isa = PBXBuildFile; fileRef = 920FBEE62BE9334F00220584 /* DriveLoggerWidget.swift */; };
		924BEB882BEA97E400AF98CF /* DriveLoggerWidget.swift in Sources */ = {isa = PBXBuildFile; fileRef = 920FBEE62BE9334F00220584 /* DriveLoggerWidget.swift */; };
		924E39282BFD374800AABB8A /* DriveServicesTests.swift in Sources */ = {isa = PBXBuildFile; fileRef = 924E39272BFD374800AABB8A /* DriveServicesTests.swift */; };
		9263EB14293FD44E00AC8EC3 /* DriveModel.xcdatamodeld in Sources */ = {isa = PBXBuildFile; fileRef = 9263EB12293FD44E00AC8EC3 /* DriveModel.xcdatamodeld */; };
		9263EB16293FD6D600AC8EC3 /* DataController.swift in Sources */ = {isa = PBXBuildFile; fileRef = 9263EB15293FD6D600AC8EC3 /* DataController.swift */; };
		9263EB1A294001A300AC8EC3 /* LoggedDrivesView.swift in Sources */ = {isa = PBXBuildFile; fileRef = 9263EB19294001A300AC8EC3 /* LoggedDrivesView.swift */; };
		92692EF8293BD915008D38C7 /* DriveDetailView.swift in Sources */ = {isa = PBXBuildFile; fileRef = 92692EF7293BD915008D38C7 /* DriveDetailView.swift */; };
		927E86072B167E6D0038E4AD /* ActionButtonStyle.swift in Sources */ = {isa = PBXBuildFile; fileRef = 927E86062B167E6D0038E4AD /* ActionButtonStyle.swift */; };
		929253692B1BB06700CB0988 /* DriveViewModel.swift in Sources */ = {isa = PBXBuildFile; fileRef = 929253682B1BB06700CB0988 /* DriveViewModel.swift */; };
		929CD2272C06E19F009C0956 /* RoadMultiPicker.swift in Sources */ = {isa = PBXBuildFile; fileRef = 929CD2262C06E19F009C0956 /* RoadMultiPicker.swift */; };
		929CD2292C06ED02009C0956 /* RoadMultiPickerViewModel.swift in Sources */ = {isa = PBXBuildFile; fileRef = 929CD2282C06ED02009C0956 /* RoadMultiPickerViewModel.swift */; };
		929CD22D2C06FB5E009C0956 /* WeatherMultiPicker.swift in Sources */ = {isa = PBXBuildFile; fileRef = 929CD22C2C06FB5E009C0956 /* WeatherMultiPicker.swift */; };
		92A13AD92C07F3E5006D4345 /* MultipleSelectionItem.swift in Sources */ = {isa = PBXBuildFile; fileRef = 92A13AD82C07F3E5006D4345 /* MultipleSelectionItem.swift */; };
		92A5B2642C0246150071E415 /* DriveLoggerAppIntentsExtension.swift in Sources */ = {isa = PBXBuildFile; fileRef = 92A5B2632C0246150071E415 /* DriveLoggerAppIntentsExtension.swift */; };
		92A5B26A2C0246150071E415 /* DriveLoggerAppIntents.appex in Embed ExtensionKit Extensions */ = {isa = PBXBuildFile; fileRef = 92A5B2612C0246150071E415 /* DriveLoggerAppIntents.appex */; settings = {ATTRIBUTES = (RemoveHeadersOnCopy, ); }; };
		92A5B2712C024A9C0071E415 /* StartDriveIntent.swift in Sources */ = {isa = PBXBuildFile; fileRef = 92A5B2702C024A9C0071E415 /* StartDriveIntent.swift */; };
		92A5B2722C024A9C0071E415 /* StartDriveIntent.swift in Sources */ = {isa = PBXBuildFile; fileRef = 92A5B2702C024A9C0071E415 /* StartDriveIntent.swift */; };
		92A5B2732C024AA30071E415 /* DataController.swift in Sources */ = {isa = PBXBuildFile; fileRef = 9263EB15293FD6D600AC8EC3 /* DataController.swift */; };
		92A5B2742C024AA60071E415 /* DrivesDataModel.swift in Sources */ = {isa = PBXBuildFile; fileRef = 92B4C5C42B1EC47E009E23D2 /* DrivesDataModel.swift */; };
		92A5B2752C024ABA0071E415 /* DriveModel.xcdatamodeld in Sources */ = {isa = PBXBuildFile; fileRef = 9263EB12293FD44E00AC8EC3 /* DriveModel.xcdatamodeld */; };
		92A5B2762C024AC60071E415 /* TimeConverter.swift in Sources */ = {isa = PBXBuildFile; fileRef = 92244B852B20007600BE5D80 /* TimeConverter.swift */; };
		92A5B27D2C024CE30071E415 /* DriveShortcuts.swift in Sources */ = {isa = PBXBuildFile; fileRef = 92A5B27C2C024CE30071E415 /* DriveShortcuts.swift */; };
		92A5B27E2C024CE30071E415 /* DriveShortcuts.swift in Sources */ = {isa = PBXBuildFile; fileRef = 92A5B27C2C024CE30071E415 /* DriveShortcuts.swift */; };
		92A5B2832C02E9A40071E415 /* BackgroundDrivesDataModel.swift in Sources */ = {isa = PBXBuildFile; fileRef = 92A5B2822C02E9A30071E415 /* BackgroundDrivesDataModel.swift */; };
		92A5B2842C02E9A40071E415 /* BackgroundDrivesDataModel.swift in Sources */ = {isa = PBXBuildFile; fileRef = 92A5B2822C02E9A30071E415 /* BackgroundDrivesDataModel.swift */; };
		92A6629529F056BD00228064 /* HomeView_UITests.swift in Sources */ = {isa = PBXBuildFile; fileRef = 92A6629429F056BD00228064 /* HomeView_UITests.swift */; };
		92A6629729F0575B00228064 /* DriveView_UITests.swift in Sources */ = {isa = PBXBuildFile; fileRef = 92A6629629F0575B00228064 /* DriveView_UITests.swift */; };
		92A6629929F057CD00228064 /* LoggedDrives_UITests.swift in Sources */ = {isa = PBXBuildFile; fileRef = 92A6629829F057CD00228064 /* LoggedDrives_UITests.swift */; };
		92A6629B29F0582200228064 /* AddDriveView_UITests.swift in Sources */ = {isa = PBXBuildFile; fileRef = 92A6629A29F0582200228064 /* AddDriveView_UITests.swift */; };
		92A6629D29F0588B00228064 /* EditDriveView_UITests.swift in Sources */ = {isa = PBXBuildFile; fileRef = 92A6629C29F0588B00228064 /* EditDriveView_UITests.swift */; };
		92AE9FD72BFC30B700776885 /* DriveLiveActivity.swift in Sources */ = {isa = PBXBuildFile; fileRef = 92AE9FD62BFC30B700776885 /* DriveLiveActivity.swift */; };
		92AE9FD92BFC316E00776885 /* DriveServices.swift in Sources */ = {isa = PBXBuildFile; fileRef = 92AE9FD82BFC316E00776885 /* DriveServices.swift */; };
		92AE9FDC2BFC382D00776885 /* LocationManager.swift in Sources */ = {isa = PBXBuildFile; fileRef = 92AE9FDB2BFC382D00776885 /* LocationManager.swift */; };
		92B4C5C52B1EC47E009E23D2 /* DrivesDataModel.swift in Sources */ = {isa = PBXBuildFile; fileRef = 92B4C5C42B1EC47E009E23D2 /* DrivesDataModel.swift */; };
		92C5F6352C04380000371CC0 /* DriveDetailViewModel.swift in Sources */ = {isa = PBXBuildFile; fileRef = 92C5F6342C04380000371CC0 /* DriveDetailViewModel.swift */; };
		92C5F6382C0642CA00371CC0 /* WeatherTypes.swift in Sources */ = {isa = PBXBuildFile; fileRef = 92C5F6372C0642CA00371CC0 /* WeatherTypes.swift */; };
		92C5F6392C0642CA00371CC0 /* WeatherTypes.swift in Sources */ = {isa = PBXBuildFile; fileRef = 92C5F6372C0642CA00371CC0 /* WeatherTypes.swift */; };
		92C5F63B2C06434500371CC0 /* RoadTypes.swift in Sources */ = {isa = PBXBuildFile; fileRef = 92C5F63A2C06434500371CC0 /* RoadTypes.swift */; };
		92C5F63C2C06434500371CC0 /* RoadTypes.swift in Sources */ = {isa = PBXBuildFile; fileRef = 92C5F63A2C06434500371CC0 /* RoadTypes.swift */; };
		92D873152B190036004B4707 /* PreviewAssets.xcassets in Resources */ = {isa = PBXBuildFile; fileRef = 92D873142B190036004B4707 /* PreviewAssets.xcassets */; };
		92DBE6EC2B1813B700D5C62B /* TimePickerView.swift in Sources */ = {isa = PBXBuildFile; fileRef = 92DBE6EB2B1813B700D5C62B /* TimePickerView.swift */; };
/* End PBXBuildFile section */

/* Begin PBXContainerItemProxy section */
		920FBEEB2BE9335200220584 /* PBXContainerItemProxy */ = {
			isa = PBXContainerItemProxy;
			containerPortal = 921C1D482928334A00FCC373 /* Project object */;
			proxyType = 1;
			remoteGlobalIDString = 920FBEDA2BE9334E00220584;
			remoteInfo = DriveLoggerWidgetExtension;
		};
		921C1D662928334C00FCC373 /* PBXContainerItemProxy */ = {
			isa = PBXContainerItemProxy;
			containerPortal = 921C1D482928334A00FCC373 /* Project object */;
			proxyType = 1;
			remoteGlobalIDString = 921C1D4F2928334A00FCC373;
			remoteInfo = "Drive Logger";
		};
		921C1D702928334C00FCC373 /* PBXContainerItemProxy */ = {
			isa = PBXContainerItemProxy;
			containerPortal = 921C1D482928334A00FCC373 /* Project object */;
			proxyType = 1;
			remoteGlobalIDString = 921C1D4F2928334A00FCC373;
			remoteInfo = "Drive Logger";
		};
		92A5B2682C0246150071E415 /* PBXContainerItemProxy */ = {
			isa = PBXContainerItemProxy;
			containerPortal = 921C1D482928334A00FCC373 /* Project object */;
			proxyType = 1;
			remoteGlobalIDString = 92A5B2602C0246150071E415;
			remoteInfo = DriveLoggerAppIntents;
		};
/* End PBXContainerItemProxy section */

/* Begin PBXCopyFilesBuildPhase section */
		920FBEF12BE9335200220584 /* Embed Foundation Extensions */ = {
			isa = PBXCopyFilesBuildPhase;
			buildActionMask = 2147483647;
			dstPath = "";
			dstSubfolderSpec = 13;
			files = (
				920FBEED2BE9335200220584 /* DriveLoggerWidgetExtension.appex in Embed Foundation Extensions */,
			);
			name = "Embed Foundation Extensions";
			runOnlyForDeploymentPostprocessing = 0;
		};
		92A5B26B2C0246150071E415 /* Embed ExtensionKit Extensions */ = {
			isa = PBXCopyFilesBuildPhase;
			buildActionMask = 2147483647;
			dstPath = "$(EXTENSIONS_FOLDER_PATH)";
			dstSubfolderSpec = 16;
			files = (
				92A5B26A2C0246150071E415 /* DriveLoggerAppIntents.appex in Embed ExtensionKit Extensions */,
			);
			name = "Embed ExtensionKit Extensions";
			runOnlyForDeploymentPostprocessing = 0;
		};
/* End PBXCopyFilesBuildPhase section */

/* Begin PBXFileReference section */
		920FBEDB2BE9334E00220584 /* DriveLoggerWidgetExtension.appex */ = {isa = PBXFileReference; explicitFileType = "wrapper.app-extension"; includeInIndex = 0; path = DriveLoggerWidgetExtension.appex; sourceTree = BUILT_PRODUCTS_DIR; };
		920FBEDD2BE9334E00220584 /* WidgetKit.framework */ = {isa = PBXFileReference; lastKnownFileType = wrapper.framework; name = WidgetKit.framework; path = System/Library/Frameworks/WidgetKit.framework; sourceTree = SDKROOT; };
		920FBEDF2BE9334F00220584 /* SwiftUI.framework */ = {isa = PBXFileReference; lastKnownFileType = wrapper.framework; name = SwiftUI.framework; path = System/Library/Frameworks/SwiftUI.framework; sourceTree = SDKROOT; };
		920FBEE22BE9334F00220584 /* DriveLoggerWidgetBundle.swift */ = {isa = PBXFileReference; lastKnownFileType = sourcecode.swift; path = DriveLoggerWidgetBundle.swift; sourceTree = "<group>"; };
		920FBEE42BE9334F00220584 /* DriveLoggerWidgetLiveActivity.swift */ = {isa = PBXFileReference; lastKnownFileType = sourcecode.swift; path = DriveLoggerWidgetLiveActivity.swift; sourceTree = "<group>"; };
		920FBEE62BE9334F00220584 /* DriveLoggerWidget.swift */ = {isa = PBXFileReference; lastKnownFileType = sourcecode.swift; path = DriveLoggerWidget.swift; sourceTree = "<group>"; };
		920FBEE82BE9335200220584 /* Assets.xcassets */ = {isa = PBXFileReference; lastKnownFileType = folder.assetcatalog; path = Assets.xcassets; sourceTree = "<group>"; };
		920FBEEA2BE9335200220584 /* Info.plist */ = {isa = PBXFileReference; lastKnownFileType = text.plist.xml; path = Info.plist; sourceTree = "<group>"; };
		921C1D502928334A00FCC373 /* DriveLogger.app */ = {isa = PBXFileReference; explicitFileType = wrapper.application; includeInIndex = 0; path = DriveLogger.app; sourceTree = BUILT_PRODUCTS_DIR; };
		921C1D532928334A00FCC373 /* DriveLoggerApp.swift */ = {isa = PBXFileReference; lastKnownFileType = sourcecode.swift; path = DriveLoggerApp.swift; sourceTree = "<group>"; };
		921C1D572928334B00FCC373 /* Assets.xcassets */ = {isa = PBXFileReference; lastKnownFileType = folder.assetcatalog; path = Assets.xcassets; sourceTree = "<group>"; };
		921C1D652928334C00FCC373 /* DriveLoggerTests.xctest */ = {isa = PBXFileReference; explicitFileType = wrapper.cfbundle; includeInIndex = 0; path = DriveLoggerTests.xctest; sourceTree = BUILT_PRODUCTS_DIR; };
		921C1D692928334C00FCC373 /* DriveLoggerTests.swift */ = {isa = PBXFileReference; lastKnownFileType = sourcecode.swift; path = DriveLoggerTests.swift; sourceTree = "<group>"; };
		921C1D6F2928334C00FCC373 /* DriveLoggerUITests.xctest */ = {isa = PBXFileReference; explicitFileType = wrapper.cfbundle; includeInIndex = 0; path = DriveLoggerUITests.xctest; sourceTree = BUILT_PRODUCTS_DIR; };
		921C1D752928334C00FCC373 /* DriveLoggerUITestsLaunchTests.swift */ = {isa = PBXFileReference; lastKnownFileType = sourcecode.swift; path = DriveLoggerUITestsLaunchTests.swift; sourceTree = "<group>"; };
		92244B822B1FEDF700BE5D80 /* LoggedDriveItemView.swift */ = {isa = PBXFileReference; lastKnownFileType = sourcecode.swift; path = LoggedDriveItemView.swift; sourceTree = "<group>"; };
		92244B852B20007600BE5D80 /* TimeConverter.swift */ = {isa = PBXFileReference; lastKnownFileType = sourcecode.swift; path = TimeConverter.swift; sourceTree = "<group>"; };
		923615D2292ABD1E0097B9B1 /* HomeView.swift */ = {isa = PBXFileReference; lastKnownFileType = sourcecode.swift; path = HomeView.swift; sourceTree = "<group>"; };
		923615D4292E530A0097B9B1 /* Info.plist */ = {isa = PBXFileReference; lastKnownFileType = text.plist.xml; path = Info.plist; sourceTree = SOURCE_ROOT; };
		923615D5292E9E010097B9B1 /* DriveView.swift */ = {isa = PBXFileReference; lastKnownFileType = sourcecode.swift; path = DriveView.swift; sourceTree = "<group>"; };
		924E39272BFD374800AABB8A /* DriveServicesTests.swift */ = {isa = PBXFileReference; lastKnownFileType = sourcecode.swift; path = DriveServicesTests.swift; sourceTree = "<group>"; };
		9263EB13293FD44E00AC8EC3 /* DriveModel.xcdatamodel */ = {isa = PBXFileReference; lastKnownFileType = wrapper.xcdatamodel; path = DriveModel.xcdatamodel; sourceTree = "<group>"; };
		9263EB15293FD6D600AC8EC3 /* DataController.swift */ = {isa = PBXFileReference; lastKnownFileType = sourcecode.swift; path = DataController.swift; sourceTree = "<group>"; };
		9263EB19294001A300AC8EC3 /* LoggedDrivesView.swift */ = {isa = PBXFileReference; lastKnownFileType = sourcecode.swift; path = LoggedDrivesView.swift; sourceTree = "<group>"; };
		92692EF7293BD915008D38C7 /* DriveDetailView.swift */ = {isa = PBXFileReference; lastKnownFileType = sourcecode.swift; path = DriveDetailView.swift; sourceTree = "<group>"; };
		927E86062B167E6D0038E4AD /* ActionButtonStyle.swift */ = {isa = PBXFileReference; lastKnownFileType = sourcecode.swift; path = ActionButtonStyle.swift; sourceTree = "<group>"; };
		929253682B1BB06700CB0988 /* DriveViewModel.swift */ = {isa = PBXFileReference; lastKnownFileType = sourcecode.swift; path = DriveViewModel.swift; sourceTree = "<group>"; };
		929CD2262C06E19F009C0956 /* RoadMultiPicker.swift */ = {isa = PBXFileReference; lastKnownFileType = sourcecode.swift; path = RoadMultiPicker.swift; sourceTree = "<group>"; };
		929CD2282C06ED02009C0956 /* RoadMultiPickerViewModel.swift */ = {isa = PBXFileReference; lastKnownFileType = sourcecode.swift; path = RoadMultiPickerViewModel.swift; sourceTree = "<group>"; };
		929CD22C2C06FB5E009C0956 /* WeatherMultiPicker.swift */ = {isa = PBXFileReference; lastKnownFileType = sourcecode.swift; path = WeatherMultiPicker.swift; sourceTree = "<group>"; };
		92A13AD82C07F3E5006D4345 /* MultipleSelectionItem.swift */ = {isa = PBXFileReference; lastKnownFileType = sourcecode.swift; path = MultipleSelectionItem.swift; sourceTree = "<group>"; };
		92A5B2612C0246150071E415 /* DriveLoggerAppIntents.appex */ = {isa = PBXFileReference; explicitFileType = "wrapper.extensionkit-extension"; includeInIndex = 0; path = DriveLoggerAppIntents.appex; sourceTree = BUILT_PRODUCTS_DIR; };
		92A5B2632C0246150071E415 /* DriveLoggerAppIntentsExtension.swift */ = {isa = PBXFileReference; lastKnownFileType = sourcecode.swift; path = DriveLoggerAppIntentsExtension.swift; sourceTree = "<group>"; };
		92A5B2672C0246150071E415 /* Info.plist */ = {isa = PBXFileReference; lastKnownFileType = text.plist.xml; path = Info.plist; sourceTree = "<group>"; };
		92A5B26F2C02461E0071E415 /* DriveLoggerAppIntents.entitlements */ = {isa = PBXFileReference; lastKnownFileType = text.plist.entitlements; path = DriveLoggerAppIntents.entitlements; sourceTree = "<group>"; };
		92A5B2702C024A9C0071E415 /* StartDriveIntent.swift */ = {isa = PBXFileReference; lastKnownFileType = sourcecode.swift; path = StartDriveIntent.swift; sourceTree = "<group>"; };
		92A5B27C2C024CE30071E415 /* DriveShortcuts.swift */ = {isa = PBXFileReference; lastKnownFileType = sourcecode.swift; path = DriveShortcuts.swift; sourceTree = "<group>"; };
		92A5B2822C02E9A30071E415 /* BackgroundDrivesDataModel.swift */ = {isa = PBXFileReference; lastKnownFileType = sourcecode.swift; path = BackgroundDrivesDataModel.swift; sourceTree = "<group>"; };
		92A6629429F056BD00228064 /* HomeView_UITests.swift */ = {isa = PBXFileReference; lastKnownFileType = sourcecode.swift; path = HomeView_UITests.swift; sourceTree = "<group>"; };
		92A6629629F0575B00228064 /* DriveView_UITests.swift */ = {isa = PBXFileReference; lastKnownFileType = sourcecode.swift; path = DriveView_UITests.swift; sourceTree = "<group>"; };
		92A6629829F057CD00228064 /* LoggedDrives_UITests.swift */ = {isa = PBXFileReference; lastKnownFileType = sourcecode.swift; path = LoggedDrives_UITests.swift; sourceTree = "<group>"; };
		92A6629A29F0582200228064 /* AddDriveView_UITests.swift */ = {isa = PBXFileReference; lastKnownFileType = sourcecode.swift; path = AddDriveView_UITests.swift; sourceTree = "<group>"; };
		92A6629C29F0588B00228064 /* EditDriveView_UITests.swift */ = {isa = PBXFileReference; lastKnownFileType = sourcecode.swift; path = EditDriveView_UITests.swift; sourceTree = "<group>"; };
		92AE9FD62BFC30B700776885 /* DriveLiveActivity.swift */ = {isa = PBXFileReference; lastKnownFileType = sourcecode.swift; path = DriveLiveActivity.swift; sourceTree = "<group>"; };
		92AE9FD82BFC316E00776885 /* DriveServices.swift */ = {isa = PBXFileReference; lastKnownFileType = sourcecode.swift; path = DriveServices.swift; sourceTree = "<group>"; };
		92AE9FDB2BFC382D00776885 /* LocationManager.swift */ = {isa = PBXFileReference; lastKnownFileType = sourcecode.swift; path = LocationManager.swift; sourceTree = "<group>"; };
		92AE9FDF2BFC46DA00776885 /* DriveLogger.entitlements */ = {isa = PBXFileReference; lastKnownFileType = text.plist.entitlements; path = DriveLogger.entitlements; sourceTree = "<group>"; };
		92AE9FE12BFC471500776885 /* DriveLoggerWidgetExtension.entitlements */ = {isa = PBXFileReference; lastKnownFileType = text.plist.entitlements; path = DriveLoggerWidgetExtension.entitlements; sourceTree = "<group>"; };
		92B4C5C42B1EC47E009E23D2 /* DrivesDataModel.swift */ = {isa = PBXFileReference; lastKnownFileType = sourcecode.swift; path = DrivesDataModel.swift; sourceTree = "<group>"; };
		92C5F6342C04380000371CC0 /* DriveDetailViewModel.swift */ = {isa = PBXFileReference; lastKnownFileType = sourcecode.swift; path = DriveDetailViewModel.swift; sourceTree = "<group>"; };
		92C5F6372C0642CA00371CC0 /* WeatherTypes.swift */ = {isa = PBXFileReference; lastKnownFileType = sourcecode.swift; path = WeatherTypes.swift; sourceTree = "<group>"; };
		92C5F63A2C06434500371CC0 /* RoadTypes.swift */ = {isa = PBXFileReference; lastKnownFileType = sourcecode.swift; path = RoadTypes.swift; sourceTree = "<group>"; };
		92D873142B190036004B4707 /* PreviewAssets.xcassets */ = {isa = PBXFileReference; lastKnownFileType = folder.assetcatalog; path = PreviewAssets.xcassets; sourceTree = "<group>"; };
		92DBE6EB2B1813B700D5C62B /* TimePickerView.swift */ = {isa = PBXFileReference; lastKnownFileType = sourcecode.swift; path = TimePickerView.swift; sourceTree = "<group>"; };
/* End PBXFileReference section */

/* Begin PBXFrameworksBuildPhase section */
		920FBED82BE9334E00220584 /* Frameworks */ = {
			isa = PBXFrameworksBuildPhase;
			buildActionMask = 2147483647;
			files = (
				920FBEE02BE9334F00220584 /* SwiftUI.framework in Frameworks */,
				920FBEDE2BE9334F00220584 /* WidgetKit.framework in Frameworks */,
			);
			runOnlyForDeploymentPostprocessing = 0;
		};
		921C1D4D2928334A00FCC373 /* Frameworks */ = {
			isa = PBXFrameworksBuildPhase;
			buildActionMask = 2147483647;
			files = (
			);
			runOnlyForDeploymentPostprocessing = 0;
		};
		921C1D622928334C00FCC373 /* Frameworks */ = {
			isa = PBXFrameworksBuildPhase;
			buildActionMask = 2147483647;
			files = (
			);
			runOnlyForDeploymentPostprocessing = 0;
		};
		921C1D6C2928334C00FCC373 /* Frameworks */ = {
			isa = PBXFrameworksBuildPhase;
			buildActionMask = 2147483647;
			files = (
			);
			runOnlyForDeploymentPostprocessing = 0;
		};
		92A5B25E2C0246150071E415 /* Frameworks */ = {
			isa = PBXFrameworksBuildPhase;
			buildActionMask = 2147483647;
			files = (
			);
			runOnlyForDeploymentPostprocessing = 0;
		};
/* End PBXFrameworksBuildPhase section */

/* Begin PBXGroup section */
		920FBEDC2BE9334E00220584 /* Frameworks */ = {
			isa = PBXGroup;
			children = (
				920FBEDD2BE9334E00220584 /* WidgetKit.framework */,
				920FBEDF2BE9334F00220584 /* SwiftUI.framework */,
			);
			name = Frameworks;
			sourceTree = "<group>";
		};
		920FBEE12BE9334F00220584 /* DriveLoggerWidget */ = {
			isa = PBXGroup;
			children = (
				920FBEE22BE9334F00220584 /* DriveLoggerWidgetBundle.swift */,
				920FBEE42BE9334F00220584 /* DriveLoggerWidgetLiveActivity.swift */,
				920FBEE62BE9334F00220584 /* DriveLoggerWidget.swift */,
				920FBEE82BE9335200220584 /* Assets.xcassets */,
				920FBEEA2BE9335200220584 /* Info.plist */,
			);
			path = DriveLoggerWidget;
			sourceTree = "<group>";
		};
		921C1D472928334A00FCC373 = {
			isa = PBXGroup;
			children = (
				92AE9FE12BFC471500776885 /* DriveLoggerWidgetExtension.entitlements */,
				921C1D522928334A00FCC373 /* DriveLogger */,
				921C1D682928334C00FCC373 /* DriveLoggerTests */,
				920FBEE12BE9334F00220584 /* DriveLoggerWidget */,
				921C1D722928334C00FCC373 /* DriveLoggerUITests */,
				92A5B2622C0246150071E415 /* DriveLoggerAppIntents */,
				920FBEDC2BE9334E00220584 /* Frameworks */,
				921C1D512928334A00FCC373 /* Products */,
			);
			sourceTree = "<group>";
		};
		921C1D512928334A00FCC373 /* Products */ = {
			isa = PBXGroup;
			children = (
				921C1D502928334A00FCC373 /* DriveLogger.app */,
				921C1D652928334C00FCC373 /* DriveLoggerTests.xctest */,
				921C1D6F2928334C00FCC373 /* DriveLoggerUITests.xctest */,
				920FBEDB2BE9334E00220584 /* DriveLoggerWidgetExtension.appex */,
				92A5B2612C0246150071E415 /* DriveLoggerAppIntents.appex */,
			);
			name = Products;
			sourceTree = "<group>";
		};
		921C1D522928334A00FCC373 /* DriveLogger */ = {
			isa = PBXGroup;
			children = (
				92AE9FDF2BFC46DA00776885 /* DriveLogger.entitlements */,
				921C1D532928334A00FCC373 /* DriveLoggerApp.swift */,
				923615D4292E530A0097B9B1 /* Info.plist */,
				927E86052B167E590038E4AD /* Components */,
				9263EB17293FDBEB00AC8EC3 /* Features */,
				9263EB11293FD40000AC8EC3 /* DataModel */,
				921C1D572928334B00FCC373 /* Assets.xcassets */,
				921C1D592928334B00FCC373 /* PreviewContent */,
			);
			path = DriveLogger;
			sourceTree = "<group>";
		};
		921C1D592928334B00FCC373 /* PreviewContent */ = {
			isa = PBXGroup;
			children = (
				92D873142B190036004B4707 /* PreviewAssets.xcassets */,
			);
			path = PreviewContent;
			sourceTree = "<group>";
		};
		921C1D682928334C00FCC373 /* DriveLoggerTests */ = {
			isa = PBXGroup;
			children = (
				921C1D692928334C00FCC373 /* DriveLoggerTests.swift */,
				924E39272BFD374800AABB8A /* DriveServicesTests.swift */,
			);
			path = DriveLoggerTests;
			sourceTree = "<group>";
		};
		921C1D722928334C00FCC373 /* DriveLoggerUITests */ = {
			isa = PBXGroup;
			children = (
				921C1D752928334C00FCC373 /* DriveLoggerUITestsLaunchTests.swift */,
				92A6629429F056BD00228064 /* HomeView_UITests.swift */,
				92A6629629F0575B00228064 /* DriveView_UITests.swift */,
				92A6629829F057CD00228064 /* LoggedDrives_UITests.swift */,
				92A6629A29F0582200228064 /* AddDriveView_UITests.swift */,
				92A6629C29F0588B00228064 /* EditDriveView_UITests.swift */,
			);
			path = DriveLoggerUITests;
			sourceTree = "<group>";
		};
		92244B842B20000E00BE5D80 /* Time */ = {
			isa = PBXGroup;
			children = (
				92244B852B20007600BE5D80 /* TimeConverter.swift */,
			);
			path = Time;
			sourceTree = "<group>";
		};
		9263EB11293FD40000AC8EC3 /* DataModel */ = {
			isa = PBXGroup;
			children = (
				9263EB12293FD44E00AC8EC3 /* DriveModel.xcdatamodeld */,
				9263EB15293FD6D600AC8EC3 /* DataController.swift */,
				92B4C5C42B1EC47E009E23D2 /* DrivesDataModel.swift */,
				92A5B2822C02E9A30071E415 /* BackgroundDrivesDataModel.swift */,
			);
			path = DataModel;
			sourceTree = "<group>";
		};
		9263EB17293FDBEB00AC8EC3 /* Features */ = {
			isa = PBXGroup;
			children = (
				92D873172B19011B004B4707 /* Drive */,
				92D873162B1900A8004B4707 /* Home */,
				92D873182B190128004B4707 /* LoggedDrives */,
			);
			path = Features;
			sourceTree = "<group>";
		};
		927E86052B167E590038E4AD /* Components */ = {
			isa = PBXGroup;
			children = (
				92C5F63D2C06652800371CC0 /* MultiPicker */,
				92C5F6362C06422800371CC0 /* DriveComponents */,
				92AE9FDA2BFC381500776885 /* LocationManager */,
				92244B842B20000E00BE5D80 /* Time */,
				92C090152B1E580D00DB226B /* TimePicker */,
				92C090142B1E57FC00DB226B /* ButtonStyles */,
			);
			path = Components;
			sourceTree = "<group>";
		};
		92A5B2622C0246150071E415 /* DriveLoggerAppIntents */ = {
			isa = PBXGroup;
			children = (
				92A5B26F2C02461E0071E415 /* DriveLoggerAppIntents.entitlements */,
				92A5B2632C0246150071E415 /* DriveLoggerAppIntentsExtension.swift */,
				92A5B27C2C024CE30071E415 /* DriveShortcuts.swift */,
				92A5B2772C024C7B0071E415 /* Intents */,
				92A5B2672C0246150071E415 /* Info.plist */,
			);
			path = DriveLoggerAppIntents;
			sourceTree = "<group>";
		};
		92A5B2772C024C7B0071E415 /* Intents */ = {
			isa = PBXGroup;
			children = (
				92A5B2702C024A9C0071E415 /* StartDriveIntent.swift */,
			);
			path = Intents;
			sourceTree = "<group>";
		};
		92AE9FDA2BFC381500776885 /* LocationManager */ = {
			isa = PBXGroup;
			children = (
				92AE9FDB2BFC382D00776885 /* LocationManager.swift */,
			);
			path = LocationManager;
			sourceTree = "<group>";
		};
		92C090142B1E57FC00DB226B /* ButtonStyles */ = {
			isa = PBXGroup;
			children = (
				927E86062B167E6D0038E4AD /* ActionButtonStyle.swift */,
			);
			path = ButtonStyles;
			sourceTree = "<group>";
		};
		92C090152B1E580D00DB226B /* TimePicker */ = {
			isa = PBXGroup;
			children = (
				92DBE6EB2B1813B700D5C62B /* TimePickerView.swift */,
			);
			path = TimePicker;
			sourceTree = "<group>";
		};
		92C5F6362C06422800371CC0 /* DriveComponents */ = {
			isa = PBXGroup;
			children = (
				92C5F6372C0642CA00371CC0 /* WeatherTypes.swift */,
				92C5F63A2C06434500371CC0 /* RoadTypes.swift */,
			);
			path = DriveComponents;
			sourceTree = "<group>";
		};
		92C5F63D2C06652800371CC0 /* MultiPicker */ = {
			isa = PBXGroup;
			children = (
				929CD2262C06E19F009C0956 /* RoadMultiPicker.swift */,
				929CD2282C06ED02009C0956 /* RoadMultiPickerViewModel.swift */,
				929CD22C2C06FB5E009C0956 /* WeatherMultiPicker.swift */,
				92A13AD82C07F3E5006D4345 /* MultipleSelectionItem.swift */,
			);
			path = MultiPicker;
			sourceTree = "<group>";
		};
		92D873162B1900A8004B4707 /* Home */ = {
			isa = PBXGroup;
			children = (
				923615D2292ABD1E0097B9B1 /* HomeView.swift */,
			);
			path = Home;
			sourceTree = "<group>";
		};
		92D873172B19011B004B4707 /* Drive */ = {
			isa = PBXGroup;
			children = (
				923615D5292E9E010097B9B1 /* DriveView.swift */,
				929253682B1BB06700CB0988 /* DriveViewModel.swift */,
				92692EF7293BD915008D38C7 /* DriveDetailView.swift */,
				92C5F6342C04380000371CC0 /* DriveDetailViewModel.swift */,
				92AE9FD62BFC30B700776885 /* DriveLiveActivity.swift */,
				92AE9FD82BFC316E00776885 /* DriveServices.swift */,
			);
			path = Drive;
			sourceTree = "<group>";
		};
		92D873182B190128004B4707 /* LoggedDrives */ = {
			isa = PBXGroup;
			children = (
				9263EB19294001A300AC8EC3 /* LoggedDrivesView.swift */,
				92244B822B1FEDF700BE5D80 /* LoggedDriveItemView.swift */,
			);
			path = LoggedDrives;
			sourceTree = "<group>";
		};
/* End PBXGroup section */

/* Begin PBXNativeTarget section */
		920FBEDA2BE9334E00220584 /* DriveLoggerWidgetExtension */ = {
			isa = PBXNativeTarget;
			buildConfigurationList = 920FBEEE2BE9335200220584 /* Build configuration list for PBXNativeTarget "DriveLoggerWidgetExtension" */;
			buildPhases = (
				920FBED72BE9334E00220584 /* Sources */,
				920FBED82BE9334E00220584 /* Frameworks */,
				920FBED92BE9334E00220584 /* Resources */,
			);
			buildRules = (
			);
			dependencies = (
			);
			name = DriveLoggerWidgetExtension;
			productName = DriveLoggerWidgetExtension;
			productReference = 920FBEDB2BE9334E00220584 /* DriveLoggerWidgetExtension.appex */;
			productType = "com.apple.product-type.app-extension";
		};
		921C1D4F2928334A00FCC373 /* DriveLogger */ = {
			isa = PBXNativeTarget;
			buildConfigurationList = 921C1D792928334C00FCC373 /* Build configuration list for PBXNativeTarget "DriveLogger" */;
			buildPhases = (
				921C1D4C2928334A00FCC373 /* Sources */,
				921C1D4D2928334A00FCC373 /* Frameworks */,
				921C1D4E2928334A00FCC373 /* Resources */,
				920FBEF12BE9335200220584 /* Embed Foundation Extensions */,
				92A5B26B2C0246150071E415 /* Embed ExtensionKit Extensions */,
			);
			buildRules = (
			);
			dependencies = (
				920FBEEC2BE9335200220584 /* PBXTargetDependency */,
				92A5B2692C0246150071E415 /* PBXTargetDependency */,
			);
			name = DriveLogger;
			productName = "Drive Logger";
			productReference = 921C1D502928334A00FCC373 /* DriveLogger.app */;
			productType = "com.apple.product-type.application";
		};
		921C1D642928334C00FCC373 /* DriveLoggerTests */ = {
			isa = PBXNativeTarget;
			buildConfigurationList = 921C1D7C2928334C00FCC373 /* Build configuration list for PBXNativeTarget "DriveLoggerTests" */;
			buildPhases = (
				921C1D612928334C00FCC373 /* Sources */,
				921C1D622928334C00FCC373 /* Frameworks */,
				921C1D632928334C00FCC373 /* Resources */,
			);
			buildRules = (
			);
			dependencies = (
				921C1D672928334C00FCC373 /* PBXTargetDependency */,
			);
			name = DriveLoggerTests;
			productName = "Drive LoggerTests";
			productReference = 921C1D652928334C00FCC373 /* DriveLoggerTests.xctest */;
			productType = "com.apple.product-type.bundle.unit-test";
		};
		921C1D6E2928334C00FCC373 /* DriveLoggerUITests */ = {
			isa = PBXNativeTarget;
			buildConfigurationList = 921C1D7F2928334C00FCC373 /* Build configuration list for PBXNativeTarget "DriveLoggerUITests" */;
			buildPhases = (
				921C1D6B2928334C00FCC373 /* Sources */,
				921C1D6C2928334C00FCC373 /* Frameworks */,
				921C1D6D2928334C00FCC373 /* Resources */,
			);
			buildRules = (
			);
			dependencies = (
				921C1D712928334C00FCC373 /* PBXTargetDependency */,
			);
			name = DriveLoggerUITests;
			productName = "Drive LoggerUITests";
			productReference = 921C1D6F2928334C00FCC373 /* DriveLoggerUITests.xctest */;
			productType = "com.apple.product-type.bundle.ui-testing";
		};
		92A5B2602C0246150071E415 /* DriveLoggerAppIntents */ = {
			isa = PBXNativeTarget;
			buildConfigurationList = 92A5B26E2C0246150071E415 /* Build configuration list for PBXNativeTarget "DriveLoggerAppIntents" */;
			buildPhases = (
				92A5B25D2C0246150071E415 /* Sources */,
				92A5B25E2C0246150071E415 /* Frameworks */,
				92A5B25F2C0246150071E415 /* Resources */,
			);
			buildRules = (
			);
			dependencies = (
			);
			name = DriveLoggerAppIntents;
			productName = DriveLoggerAppIntents;
			productReference = 92A5B2612C0246150071E415 /* DriveLoggerAppIntents.appex */;
			productType = "com.apple.product-type.extensionkit-extension";
		};
/* End PBXNativeTarget section */

/* Begin PBXProject section */
		921C1D482928334A00FCC373 /* Project object */ = {
			isa = PBXProject;
			attributes = {
				BuildIndependentTargetsInParallel = 1;
				LastSwiftUpdateCheck = 1540;
				LastUpgradeCheck = 1500;
				TargetAttributes = {
					920FBEDA2BE9334E00220584 = {
						CreatedOnToolsVersion = 15.3;
					};
					921C1D4F2928334A00FCC373 = {
						CreatedOnToolsVersion = 14.1;
					};
					921C1D642928334C00FCC373 = {
						CreatedOnToolsVersion = 14.1;
						TestTargetID = 921C1D4F2928334A00FCC373;
					};
					921C1D6E2928334C00FCC373 = {
						CreatedOnToolsVersion = 14.1;
						TestTargetID = 921C1D4F2928334A00FCC373;
					};
					92A5B2602C0246150071E415 = {
						CreatedOnToolsVersion = 15.4;
					};
				};
			};
			buildConfigurationList = 921C1D4B2928334A00FCC373 /* Build configuration list for PBXProject "DriveLogger" */;
			compatibilityVersion = "Xcode 15.0";
			developmentRegion = en;
			hasScannedForEncodings = 0;
			knownRegions = (
				en,
				Base,
			);
			mainGroup = 921C1D472928334A00FCC373;
			productRefGroup = 921C1D512928334A00FCC373 /* Products */;
			projectDirPath = "";
			projectRoot = "";
			targets = (
				921C1D4F2928334A00FCC373 /* DriveLogger */,
				921C1D642928334C00FCC373 /* DriveLoggerTests */,
				921C1D6E2928334C00FCC373 /* DriveLoggerUITests */,
				920FBEDA2BE9334E00220584 /* DriveLoggerWidgetExtension */,
				92A5B2602C0246150071E415 /* DriveLoggerAppIntents */,
			);
		};
/* End PBXProject section */

/* Begin PBXResourcesBuildPhase section */
		920FBED92BE9334E00220584 /* Resources */ = {
			isa = PBXResourcesBuildPhase;
			buildActionMask = 2147483647;
			files = (
				920FBEE92BE9335200220584 /* Assets.xcassets in Resources */,
			);
			runOnlyForDeploymentPostprocessing = 0;
		};
		921C1D4E2928334A00FCC373 /* Resources */ = {
			isa = PBXResourcesBuildPhase;
			buildActionMask = 2147483647;
			files = (
				92D873152B190036004B4707 /* PreviewAssets.xcassets in Resources */,
				921C1D582928334B00FCC373 /* Assets.xcassets in Resources */,
			);
			runOnlyForDeploymentPostprocessing = 0;
		};
		921C1D632928334C00FCC373 /* Resources */ = {
			isa = PBXResourcesBuildPhase;
			buildActionMask = 2147483647;
			files = (
			);
			runOnlyForDeploymentPostprocessing = 0;
		};
		921C1D6D2928334C00FCC373 /* Resources */ = {
			isa = PBXResourcesBuildPhase;
			buildActionMask = 2147483647;
			files = (
			);
			runOnlyForDeploymentPostprocessing = 0;
		};
		92A5B25F2C0246150071E415 /* Resources */ = {
			isa = PBXResourcesBuildPhase;
			buildActionMask = 2147483647;
			files = (
			);
			runOnlyForDeploymentPostprocessing = 0;
		};
/* End PBXResourcesBuildPhase section */

/* Begin PBXSourcesBuildPhase section */
		920FBED72BE9334E00220584 /* Sources */ = {
			isa = PBXSourcesBuildPhase;
			buildActionMask = 2147483647;
			files = (
				920FBEE32BE9334F00220584 /* DriveLoggerWidgetBundle.swift in Sources */,
				920FBEE52BE9334F00220584 /* DriveLoggerWidgetLiveActivity.swift in Sources */,
				924BEB872BEA97E000AF98CF /* DriveLoggerWidget.swift in Sources */,
			);
			runOnlyForDeploymentPostprocessing = 0;
		};
		921C1D4C2928334A00FCC373 /* Sources */ = {
			isa = PBXSourcesBuildPhase;
			buildActionMask = 2147483647;
			files = (
				9263EB1A294001A300AC8EC3 /* LoggedDrivesView.swift in Sources */,
				927E86072B167E6D0038E4AD /* ActionButtonStyle.swift in Sources */,
				929CD2272C06E19F009C0956 /* RoadMultiPicker.swift in Sources */,
				92DBE6EC2B1813B700D5C62B /* TimePickerView.swift in Sources */,
				923615D3292ABD1E0097B9B1 /* HomeView.swift in Sources */,
				92692EF8293BD915008D38C7 /* DriveDetailView.swift in Sources */,
				92B4C5C52B1EC47E009E23D2 /* DrivesDataModel.swift in Sources */,
				92A13AD92C07F3E5006D4345 /* MultipleSelectionItem.swift in Sources */,
				9263EB16293FD6D600AC8EC3 /* DataController.swift in Sources */,
				92AE9FDC2BFC382D00776885 /* LocationManager.swift in Sources */,
				92C5F6352C04380000371CC0 /* DriveDetailViewModel.swift in Sources */,
				92AE9FD92BFC316E00776885 /* DriveServices.swift in Sources */,
				92244B832B1FEDF700BE5D80 /* LoggedDriveItemView.swift in Sources */,
				92C5F6382C0642CA00371CC0 /* WeatherTypes.swift in Sources */,
				9263EB14293FD44E00AC8EC3 /* DriveModel.xcdatamodeld in Sources */,
				92C5F63B2C06434500371CC0 /* RoadTypes.swift in Sources */,
				92AE9FD72BFC30B700776885 /* DriveLiveActivity.swift in Sources */,
				92A5B27D2C024CE30071E415 /* DriveShortcuts.swift in Sources */,
				929CD2292C06ED02009C0956 /* RoadMultiPickerViewModel.swift in Sources */,
				921C1D542928334A00FCC373 /* DriveLoggerApp.swift in Sources */,
				92A5B2832C02E9A40071E415 /* BackgroundDrivesDataModel.swift in Sources */,
				929CD22D2C06FB5E009C0956 /* WeatherMultiPicker.swift in Sources */,
				920FBEF22BE9348300220584 /* DriveLoggerWidgetLiveActivity.swift in Sources */,
				924BEB882BEA97E400AF98CF /* DriveLoggerWidget.swift in Sources */,
				929253692B1BB06700CB0988 /* DriveViewModel.swift in Sources */,
				923615D6292E9E010097B9B1 /* DriveView.swift in Sources */,
				92244B862B20007600BE5D80 /* TimeConverter.swift in Sources */,
				92A5B2712C024A9C0071E415 /* StartDriveIntent.swift in Sources */,
			);
			runOnlyForDeploymentPostprocessing = 0;
		};
		921C1D612928334C00FCC373 /* Sources */ = {
			isa = PBXSourcesBuildPhase;
			buildActionMask = 2147483647;
			files = (
				924E39282BFD374800AABB8A /* DriveServicesTests.swift in Sources */,
				921C1D6A2928334C00FCC373 /* DriveLoggerTests.swift in Sources */,
			);
			runOnlyForDeploymentPostprocessing = 0;
		};
		921C1D6B2928334C00FCC373 /* Sources */ = {
			isa = PBXSourcesBuildPhase;
			buildActionMask = 2147483647;
			files = (
				92A6629529F056BD00228064 /* HomeView_UITests.swift in Sources */,
				92A6629D29F0588B00228064 /* EditDriveView_UITests.swift in Sources */,
				921C1D762928334C00FCC373 /* DriveLoggerUITestsLaunchTests.swift in Sources */,
				92A6629929F057CD00228064 /* LoggedDrives_UITests.swift in Sources */,
				92A6629729F0575B00228064 /* DriveView_UITests.swift in Sources */,
				92A6629B29F0582200228064 /* AddDriveView_UITests.swift in Sources */,
			);
			runOnlyForDeploymentPostprocessing = 0;
		};
		92A5B25D2C0246150071E415 /* Sources */ = {
			isa = PBXSourcesBuildPhase;
			buildActionMask = 2147483647;
			files = (
				92C5F6392C0642CA00371CC0 /* WeatherTypes.swift in Sources */,
				92A5B2742C024AA60071E415 /* DrivesDataModel.swift in Sources */,
				92A5B2752C024ABA0071E415 /* DriveModel.xcdatamodeld in Sources */,
				92A5B2842C02E9A40071E415 /* BackgroundDrivesDataModel.swift in Sources */,
				92A5B2732C024AA30071E415 /* DataController.swift in Sources */,
				9223AF182C08F63100F6476E /* RoadMultiPickerViewModel.swift in Sources */,
				92A5B2642C0246150071E415 /* DriveLoggerAppIntentsExtension.swift in Sources */,
				92A5B27E2C024CE30071E415 /* DriveShortcuts.swift in Sources */,
				92C5F63C2C06434500371CC0 /* RoadTypes.swift in Sources */,
				92A5B2722C024A9C0071E415 /* StartDriveIntent.swift in Sources */,
				92A5B2762C024AC60071E415 /* TimeConverter.swift in Sources */,
			);
			runOnlyForDeploymentPostprocessing = 0;
		};
/* End PBXSourcesBuildPhase section */

/* Begin PBXTargetDependency section */
		920FBEEC2BE9335200220584 /* PBXTargetDependency */ = {
			isa = PBXTargetDependency;
			target = 920FBEDA2BE9334E00220584 /* DriveLoggerWidgetExtension */;
			targetProxy = 920FBEEB2BE9335200220584 /* PBXContainerItemProxy */;
		};
		921C1D672928334C00FCC373 /* PBXTargetDependency */ = {
			isa = PBXTargetDependency;
			target = 921C1D4F2928334A00FCC373 /* DriveLogger */;
			targetProxy = 921C1D662928334C00FCC373 /* PBXContainerItemProxy */;
		};
		921C1D712928334C00FCC373 /* PBXTargetDependency */ = {
			isa = PBXTargetDependency;
			target = 921C1D4F2928334A00FCC373 /* DriveLogger */;
			targetProxy = 921C1D702928334C00FCC373 /* PBXContainerItemProxy */;
		};
		92A5B2692C0246150071E415 /* PBXTargetDependency */ = {
			isa = PBXTargetDependency;
			target = 92A5B2602C0246150071E415 /* DriveLoggerAppIntents */;
			targetProxy = 92A5B2682C0246150071E415 /* PBXContainerItemProxy */;
		};
/* End PBXTargetDependency section */

/* Begin XCBuildConfiguration section */
		920FBEEF2BE9335200220584 /* Debug */ = {
			isa = XCBuildConfiguration;
			buildSettings = {
				ASSETCATALOG_COMPILER_GLOBAL_ACCENT_COLOR_NAME = AccentColor;
				ASSETCATALOG_COMPILER_WIDGET_BACKGROUND_COLOR_NAME = WidgetBackground;
				CODE_SIGN_ENTITLEMENTS = DriveLoggerWidgetExtension.entitlements;
				CODE_SIGN_STYLE = Automatic;
				CURRENT_PROJECT_VERSION = 1;
				DEVELOPMENT_TEAM = 9HCRY829GD;
				GCC_C_LANGUAGE_STANDARD = gnu17;
				GENERATE_INFOPLIST_FILE = YES;
				INFOPLIST_FILE = DriveLoggerWidget/Info.plist;
				INFOPLIST_KEY_CFBundleDisplayName = DriveLoggerWidget;
				INFOPLIST_KEY_NSHumanReadableCopyright = "";
				IPHONEOS_DEPLOYMENT_TARGET = 17.0;
				LD_RUNPATH_SEARCH_PATHS = (
					"$(inherited)",
					"@executable_path/Frameworks",
					"@executable_path/../../Frameworks",
				);
				LOCALIZATION_PREFERS_STRING_CATALOGS = YES;
				MARKETING_VERSION = 1.0;
				PRODUCT_BUNDLE_IDENTIFIER = com.zachveenstra.drivelogger.DriveLoggerWidget;
				PRODUCT_NAME = "$(TARGET_NAME)";
				SKIP_INSTALL = YES;
				SWIFT_ACTIVE_COMPILATION_CONDITIONS = "DEBUG $(inherited)";
				SWIFT_EMIT_LOC_STRINGS = YES;
				SWIFT_VERSION = 5.0;
				TARGETED_DEVICE_FAMILY = "1,2";
			};
			name = Debug;
		};
		920FBEF02BE9335200220584 /* Release */ = {
			isa = XCBuildConfiguration;
			buildSettings = {
				ASSETCATALOG_COMPILER_GLOBAL_ACCENT_COLOR_NAME = AccentColor;
				ASSETCATALOG_COMPILER_WIDGET_BACKGROUND_COLOR_NAME = WidgetBackground;
				CODE_SIGN_ENTITLEMENTS = DriveLoggerWidgetExtension.entitlements;
				CODE_SIGN_STYLE = Automatic;
				CURRENT_PROJECT_VERSION = 1;
				DEVELOPMENT_TEAM = 9HCRY829GD;
				GCC_C_LANGUAGE_STANDARD = gnu17;
				GENERATE_INFOPLIST_FILE = YES;
				INFOPLIST_FILE = DriveLoggerWidget/Info.plist;
				INFOPLIST_KEY_CFBundleDisplayName = DriveLoggerWidget;
				INFOPLIST_KEY_NSHumanReadableCopyright = "";
				IPHONEOS_DEPLOYMENT_TARGET = 17.0;
				LD_RUNPATH_SEARCH_PATHS = (
					"$(inherited)",
					"@executable_path/Frameworks",
					"@executable_path/../../Frameworks",
				);
				LOCALIZATION_PREFERS_STRING_CATALOGS = YES;
				MARKETING_VERSION = 1.0;
				PRODUCT_BUNDLE_IDENTIFIER = com.zachveenstra.drivelogger.DriveLoggerWidget;
				PRODUCT_NAME = "$(TARGET_NAME)";
				SKIP_INSTALL = YES;
				SWIFT_EMIT_LOC_STRINGS = YES;
				SWIFT_VERSION = 5.0;
				TARGETED_DEVICE_FAMILY = "1,2";
			};
			name = Release;
		};
		921C1D772928334C00FCC373 /* Debug */ = {
			isa = XCBuildConfiguration;
			buildSettings = {
				ALWAYS_SEARCH_USER_PATHS = NO;
				ASSETCATALOG_COMPILER_GENERATE_SWIFT_ASSET_SYMBOL_EXTENSIONS = YES;
				CLANG_ANALYZER_NONNULL = YES;
				CLANG_ANALYZER_NUMBER_OBJECT_CONVERSION = YES_AGGRESSIVE;
				CLANG_CXX_LANGUAGE_STANDARD = "gnu++20";
				CLANG_ENABLE_MODULES = YES;
				CLANG_ENABLE_OBJC_ARC = YES;
				CLANG_ENABLE_OBJC_WEAK = YES;
				CLANG_WARN_BLOCK_CAPTURE_AUTORELEASING = YES;
				CLANG_WARN_BOOL_CONVERSION = YES;
				CLANG_WARN_COMMA = YES;
				CLANG_WARN_CONSTANT_CONVERSION = YES;
				CLANG_WARN_DEPRECATED_OBJC_IMPLEMENTATIONS = YES;
				CLANG_WARN_DIRECT_OBJC_ISA_USAGE = YES_ERROR;
				CLANG_WARN_DOCUMENTATION_COMMENTS = YES;
				CLANG_WARN_EMPTY_BODY = YES;
				CLANG_WARN_ENUM_CONVERSION = YES;
				CLANG_WARN_INFINITE_RECURSION = YES;
				CLANG_WARN_INT_CONVERSION = YES;
				CLANG_WARN_NON_LITERAL_NULL_CONVERSION = YES;
				CLANG_WARN_OBJC_IMPLICIT_RETAIN_SELF = YES;
				CLANG_WARN_OBJC_LITERAL_CONVERSION = YES;
				CLANG_WARN_OBJC_ROOT_CLASS = YES_ERROR;
				CLANG_WARN_QUOTED_INCLUDE_IN_FRAMEWORK_HEADER = YES;
				CLANG_WARN_RANGE_LOOP_ANALYSIS = YES;
				CLANG_WARN_STRICT_PROTOTYPES = YES;
				CLANG_WARN_SUSPICIOUS_MOVE = YES;
				CLANG_WARN_UNGUARDED_AVAILABILITY = YES_AGGRESSIVE;
				CLANG_WARN_UNREACHABLE_CODE = YES;
				CLANG_WARN__DUPLICATE_METHOD_MATCH = YES;
				COPY_PHASE_STRIP = NO;
				DEBUG_INFORMATION_FORMAT = dwarf;
				ENABLE_STRICT_OBJC_MSGSEND = YES;
				ENABLE_TESTABILITY = YES;
				ENABLE_USER_SCRIPT_SANDBOXING = YES;
				GCC_C_LANGUAGE_STANDARD = gnu11;
				GCC_DYNAMIC_NO_PIC = NO;
				GCC_NO_COMMON_BLOCKS = YES;
				GCC_OPTIMIZATION_LEVEL = 0;
				GCC_PREPROCESSOR_DEFINITIONS = (
					"DEBUG=1",
					"$(inherited)",
				);
				GCC_WARN_64_TO_32_BIT_CONVERSION = YES;
				GCC_WARN_ABOUT_RETURN_TYPE = YES_ERROR;
				GCC_WARN_UNDECLARED_SELECTOR = YES;
				GCC_WARN_UNINITIALIZED_AUTOS = YES_AGGRESSIVE;
				GCC_WARN_UNUSED_FUNCTION = YES;
				GCC_WARN_UNUSED_VARIABLE = YES;
				IPHONEOS_DEPLOYMENT_TARGET = 17.0;
				MTL_ENABLE_DEBUG_INFO = INCLUDE_SOURCE;
				MTL_FAST_MATH = YES;
				ONLY_ACTIVE_ARCH = YES;
				SDKROOT = iphoneos;
				SWIFT_ACTIVE_COMPILATION_CONDITIONS = DEBUG;
				SWIFT_OPTIMIZATION_LEVEL = "-Onone";
			};
			name = Debug;
		};
		921C1D782928334C00FCC373 /* Release */ = {
			isa = XCBuildConfiguration;
			buildSettings = {
				ALWAYS_SEARCH_USER_PATHS = NO;
				ASSETCATALOG_COMPILER_GENERATE_SWIFT_ASSET_SYMBOL_EXTENSIONS = YES;
				CLANG_ANALYZER_NONNULL = YES;
				CLANG_ANALYZER_NUMBER_OBJECT_CONVERSION = YES_AGGRESSIVE;
				CLANG_CXX_LANGUAGE_STANDARD = "gnu++20";
				CLANG_ENABLE_MODULES = YES;
				CLANG_ENABLE_OBJC_ARC = YES;
				CLANG_ENABLE_OBJC_WEAK = YES;
				CLANG_WARN_BLOCK_CAPTURE_AUTORELEASING = YES;
				CLANG_WARN_BOOL_CONVERSION = YES;
				CLANG_WARN_COMMA = YES;
				CLANG_WARN_CONSTANT_CONVERSION = YES;
				CLANG_WARN_DEPRECATED_OBJC_IMPLEMENTATIONS = YES;
				CLANG_WARN_DIRECT_OBJC_ISA_USAGE = YES_ERROR;
				CLANG_WARN_DOCUMENTATION_COMMENTS = YES;
				CLANG_WARN_EMPTY_BODY = YES;
				CLANG_WARN_ENUM_CONVERSION = YES;
				CLANG_WARN_INFINITE_RECURSION = YES;
				CLANG_WARN_INT_CONVERSION = YES;
				CLANG_WARN_NON_LITERAL_NULL_CONVERSION = YES;
				CLANG_WARN_OBJC_IMPLICIT_RETAIN_SELF = YES;
				CLANG_WARN_OBJC_LITERAL_CONVERSION = YES;
				CLANG_WARN_OBJC_ROOT_CLASS = YES_ERROR;
				CLANG_WARN_QUOTED_INCLUDE_IN_FRAMEWORK_HEADER = YES;
				CLANG_WARN_RANGE_LOOP_ANALYSIS = YES;
				CLANG_WARN_STRICT_PROTOTYPES = YES;
				CLANG_WARN_SUSPICIOUS_MOVE = YES;
				CLANG_WARN_UNGUARDED_AVAILABILITY = YES_AGGRESSIVE;
				CLANG_WARN_UNREACHABLE_CODE = YES;
				CLANG_WARN__DUPLICATE_METHOD_MATCH = YES;
				COPY_PHASE_STRIP = NO;
				DEBUG_INFORMATION_FORMAT = "dwarf-with-dsym";
				ENABLE_NS_ASSERTIONS = NO;
				ENABLE_STRICT_OBJC_MSGSEND = YES;
				ENABLE_USER_SCRIPT_SANDBOXING = YES;
				GCC_C_LANGUAGE_STANDARD = gnu11;
				GCC_NO_COMMON_BLOCKS = YES;
				GCC_WARN_64_TO_32_BIT_CONVERSION = YES;
				GCC_WARN_ABOUT_RETURN_TYPE = YES_ERROR;
				GCC_WARN_UNDECLARED_SELECTOR = YES;
				GCC_WARN_UNINITIALIZED_AUTOS = YES_AGGRESSIVE;
				GCC_WARN_UNUSED_FUNCTION = YES;
				GCC_WARN_UNUSED_VARIABLE = YES;
				IPHONEOS_DEPLOYMENT_TARGET = 17.0;
				MTL_ENABLE_DEBUG_INFO = NO;
				MTL_FAST_MATH = YES;
				SDKROOT = iphoneos;
				SWIFT_COMPILATION_MODE = wholemodule;
				SWIFT_OPTIMIZATION_LEVEL = "-O";
				VALIDATE_PRODUCT = YES;
			};
			name = Release;
		};
		921C1D7A2928334C00FCC373 /* Debug */ = {
			isa = XCBuildConfiguration;
			buildSettings = {
				ALWAYS_EMBED_SWIFT_STANDARD_LIBRARIES = YES;
				ASSETCATALOG_COMPILER_APPICON_NAME = AppIcon;
				ASSETCATALOG_COMPILER_GLOBAL_ACCENT_COLOR_NAME = AccentColor;
				CODE_SIGN_ENTITLEMENTS = DriveLogger/DriveLogger.entitlements;
				CODE_SIGN_STYLE = Automatic;
				CURRENT_PROJECT_VERSION = 1;
				DEVELOPMENT_ASSET_PATHS = "\"DriveLogger/PreviewContent\"";
				DEVELOPMENT_TEAM = 9HCRY829GD;
				ENABLE_PREVIEWS = YES;
				GENERATE_INFOPLIST_FILE = YES;
				INFOPLIST_FILE = "Drive-Logger-Info.plist";
				INFOPLIST_KEY_LSApplicationCategoryType = "public.app-category.utilities";
				INFOPLIST_KEY_NSLocationWhenInUseUsageDescription = "We use your location to determine when it is nighttime. Please enable to automatically track the amount of time you drive at night.";
				INFOPLIST_KEY_NSSupportsLiveActivities = YES;
				INFOPLIST_KEY_UIApplicationSceneManifest_Generation = YES;
				INFOPLIST_KEY_UIApplicationSupportsIndirectInputEvents = YES;
				INFOPLIST_KEY_UILaunchStoryboardName = "/Users/zach/Documents/Classes/F23/CIS622/Term Project/DriveLogger/DriveLogger/Assets.xcassets/logo.imageset/LauchScreen.png";
				INFOPLIST_KEY_UISupportedInterfaceOrientations = "UIInterfaceOrientationLandscapeLeft UIInterfaceOrientationLandscapeRight UIInterfaceOrientationPortrait UIInterfaceOrientationPortraitUpsideDown";
				IPHONEOS_DEPLOYMENT_TARGET = 17.0;
				LD_RUNPATH_SEARCH_PATHS = (
					"$(inherited)",
					"@executable_path/Frameworks",
				);
				MARKETING_VERSION = 1.0;
				PRODUCT_BUNDLE_IDENTIFIER = com.zachveenstra.drivelogger;
				PRODUCT_NAME = "$(TARGET_NAME)";
				SUPPORTED_PLATFORMS = "iphoneos iphonesimulator";
				SUPPORTS_MACCATALYST = NO;
				SUPPORTS_MAC_DESIGNED_FOR_IPHONE_IPAD = NO;
				SUPPORTS_XR_DESIGNED_FOR_IPHONE_IPAD = NO;
				SWIFT_EMIT_LOC_STRINGS = YES;
				SWIFT_VERSION = 5.0;
				TARGETED_DEVICE_FAMILY = "1,2";
			};
			name = Debug;
		};
		921C1D7B2928334C00FCC373 /* Release */ = {
			isa = XCBuildConfiguration;
			buildSettings = {
				ALWAYS_EMBED_SWIFT_STANDARD_LIBRARIES = YES;
				ASSETCATALOG_COMPILER_APPICON_NAME = AppIcon;
				ASSETCATALOG_COMPILER_GLOBAL_ACCENT_COLOR_NAME = AccentColor;
				CODE_SIGN_ENTITLEMENTS = DriveLogger/DriveLogger.entitlements;
				CODE_SIGN_STYLE = Automatic;
				CURRENT_PROJECT_VERSION = 1;
				DEVELOPMENT_ASSET_PATHS = "\"DriveLogger/PreviewContent\"";
				DEVELOPMENT_TEAM = 9HCRY829GD;
				ENABLE_PREVIEWS = YES;
				GENERATE_INFOPLIST_FILE = YES;
				INFOPLIST_FILE = "Drive-Logger-Info.plist";
				INFOPLIST_KEY_LSApplicationCategoryType = "public.app-category.utilities";
				INFOPLIST_KEY_NSLocationWhenInUseUsageDescription = "We use your location to determine when it is nighttime. Please enable to automatically track the amount of time you drive at night.";
				INFOPLIST_KEY_NSSupportsLiveActivities = YES;
				INFOPLIST_KEY_UIApplicationSceneManifest_Generation = YES;
				INFOPLIST_KEY_UIApplicationSupportsIndirectInputEvents = YES;
				INFOPLIST_KEY_UILaunchStoryboardName = "/Users/zach/Documents/Classes/F23/CIS622/Term Project/DriveLogger/DriveLogger/Assets.xcassets/logo.imageset/LauchScreen.png";
				INFOPLIST_KEY_UISupportedInterfaceOrientations = "UIInterfaceOrientationLandscapeLeft UIInterfaceOrientationLandscapeRight UIInterfaceOrientationPortrait UIInterfaceOrientationPortraitUpsideDown";
				IPHONEOS_DEPLOYMENT_TARGET = 17.0;
				LD_RUNPATH_SEARCH_PATHS = (
					"$(inherited)",
					"@executable_path/Frameworks",
				);
				MARKETING_VERSION = 1.0;
				PRODUCT_BUNDLE_IDENTIFIER = com.zachveenstra.drivelogger;
				PRODUCT_NAME = "$(TARGET_NAME)";
				SUPPORTED_PLATFORMS = "iphoneos iphonesimulator";
				SUPPORTS_MACCATALYST = NO;
				SUPPORTS_MAC_DESIGNED_FOR_IPHONE_IPAD = NO;
				SUPPORTS_XR_DESIGNED_FOR_IPHONE_IPAD = NO;
				SWIFT_EMIT_LOC_STRINGS = YES;
				SWIFT_VERSION = 5.0;
				TARGETED_DEVICE_FAMILY = "1,2";
			};
			name = Release;
		};
		921C1D7D2928334C00FCC373 /* Debug */ = {
			isa = XCBuildConfiguration;
			buildSettings = {
				ALWAYS_EMBED_SWIFT_STANDARD_LIBRARIES = YES;
				BUNDLE_LOADER = "$(TEST_HOST)";
				CODE_SIGN_STYLE = Automatic;
				CURRENT_PROJECT_VERSION = 1;
				DEVELOPMENT_TEAM = 9HCRY829GD;
				GENERATE_INFOPLIST_FILE = YES;
				IPHONEOS_DEPLOYMENT_TARGET = 17.0;
				MARKETING_VERSION = 1.0;
				PRODUCT_BUNDLE_IDENTIFIER = "ZachVeenstra.Drive-LoggerTests";
				PRODUCT_NAME = "$(TARGET_NAME)";
				SWIFT_EMIT_LOC_STRINGS = NO;
				SWIFT_VERSION = 5.0;
				TARGETED_DEVICE_FAMILY = "1,2";
				TEST_HOST = "$(BUILT_PRODUCTS_DIR)/DriveLogger.app/$(BUNDLE_EXECUTABLE_FOLDER_PATH)/DriveLogger";
			};
			name = Debug;
		};
		921C1D7E2928334C00FCC373 /* Release */ = {
			isa = XCBuildConfiguration;
			buildSettings = {
				ALWAYS_EMBED_SWIFT_STANDARD_LIBRARIES = YES;
				BUNDLE_LOADER = "$(TEST_HOST)";
				CODE_SIGN_STYLE = Automatic;
				CURRENT_PROJECT_VERSION = 1;
				DEVELOPMENT_TEAM = 9HCRY829GD;
				GENERATE_INFOPLIST_FILE = YES;
				IPHONEOS_DEPLOYMENT_TARGET = 17.0;
				MARKETING_VERSION = 1.0;
				PRODUCT_BUNDLE_IDENTIFIER = "ZachVeenstra.Drive-LoggerTests";
				PRODUCT_NAME = "$(TARGET_NAME)";
				SWIFT_EMIT_LOC_STRINGS = NO;
				SWIFT_VERSION = 5.0;
				TARGETED_DEVICE_FAMILY = "1,2";
				TEST_HOST = "$(BUILT_PRODUCTS_DIR)/DriveLogger.app/$(BUNDLE_EXECUTABLE_FOLDER_PATH)/DriveLogger";
			};
			name = Release;
		};
		921C1D802928334C00FCC373 /* Debug */ = {
			isa = XCBuildConfiguration;
			buildSettings = {
				ALWAYS_EMBED_SWIFT_STANDARD_LIBRARIES = YES;
				CODE_SIGN_STYLE = Automatic;
				CURRENT_PROJECT_VERSION = 1;
				GENERATE_INFOPLIST_FILE = YES;
				MARKETING_VERSION = 1.0;
				PRODUCT_BUNDLE_IDENTIFIER = "ZachVeenstra.Drive-LoggerUITests";
				PRODUCT_NAME = "$(TARGET_NAME)";
				SWIFT_EMIT_LOC_STRINGS = NO;
				SWIFT_VERSION = 5.0;
				TARGETED_DEVICE_FAMILY = "1,2";
				TEST_TARGET_NAME = "Drive Logger";
			};
			name = Debug;
		};
		921C1D812928334C00FCC373 /* Release */ = {
			isa = XCBuildConfiguration;
			buildSettings = {
				ALWAYS_EMBED_SWIFT_STANDARD_LIBRARIES = YES;
				CODE_SIGN_STYLE = Automatic;
				CURRENT_PROJECT_VERSION = 1;
				GENERATE_INFOPLIST_FILE = YES;
				MARKETING_VERSION = 1.0;
				PRODUCT_BUNDLE_IDENTIFIER = "ZachVeenstra.Drive-LoggerUITests";
				PRODUCT_NAME = "$(TARGET_NAME)";
				SWIFT_EMIT_LOC_STRINGS = NO;
				SWIFT_VERSION = 5.0;
				TARGETED_DEVICE_FAMILY = "1,2";
				TEST_TARGET_NAME = "Drive Logger";
			};
			name = Release;
		};
		92A5B26C2C0246150071E415 /* Debug */ = {
			isa = XCBuildConfiguration;
			buildSettings = {
				CODE_SIGN_ENTITLEMENTS = DriveLoggerAppIntents/DriveLoggerAppIntents.entitlements;
				CODE_SIGN_STYLE = Automatic;
				CURRENT_PROJECT_VERSION = 1;
				DEVELOPMENT_TEAM = 9HCRY829GD;
				GCC_C_LANGUAGE_STANDARD = gnu17;
				GENERATE_INFOPLIST_FILE = YES;
				INFOPLIST_FILE = DriveLoggerAppIntents/Info.plist;
				INFOPLIST_KEY_CFBundleDisplayName = DriveLoggerAppIntents;
				INFOPLIST_KEY_NSHumanReadableCopyright = "";
				IPHONEOS_DEPLOYMENT_TARGET = 17.5;
				LD_RUNPATH_SEARCH_PATHS = (
					"$(inherited)",
					"@executable_path/Frameworks",
					"@executable_path/../../Frameworks",
				);
				LOCALIZATION_PREFERS_STRING_CATALOGS = YES;
				MARKETING_VERSION = 1.0;
				PRODUCT_BUNDLE_IDENTIFIER = com.zachveenstra.drivelogger.DriveLoggerAppIntents;
				PRODUCT_NAME = "$(TARGET_NAME)";
				SKIP_INSTALL = YES;
				SWIFT_ACTIVE_COMPILATION_CONDITIONS = "DEBUG $(inherited)";
				SWIFT_EMIT_LOC_STRINGS = YES;
				SWIFT_VERSION = 5.0;
				TARGETED_DEVICE_FAMILY = "1,2";
			};
			name = Debug;
		};
		92A5B26D2C0246150071E415 /* Release */ = {
			isa = XCBuildConfiguration;
			buildSettings = {
				CODE_SIGN_ENTITLEMENTS = DriveLoggerAppIntents/DriveLoggerAppIntents.entitlements;
				CODE_SIGN_STYLE = Automatic;
				CURRENT_PROJECT_VERSION = 1;
				DEVELOPMENT_TEAM = 9HCRY829GD;
				GCC_C_LANGUAGE_STANDARD = gnu17;
				GENERATE_INFOPLIST_FILE = YES;
				INFOPLIST_FILE = DriveLoggerAppIntents/Info.plist;
				INFOPLIST_KEY_CFBundleDisplayName = DriveLoggerAppIntents;
				INFOPLIST_KEY_NSHumanReadableCopyright = "";
				IPHONEOS_DEPLOYMENT_TARGET = 17.5;
				LD_RUNPATH_SEARCH_PATHS = (
					"$(inherited)",
					"@executable_path/Frameworks",
					"@executable_path/../../Frameworks",
				);
				LOCALIZATION_PREFERS_STRING_CATALOGS = YES;
				MARKETING_VERSION = 1.0;
				PRODUCT_BUNDLE_IDENTIFIER = com.zachveenstra.drivelogger.DriveLoggerAppIntents;
				PRODUCT_NAME = "$(TARGET_NAME)";
				SKIP_INSTALL = YES;
				SWIFT_EMIT_LOC_STRINGS = YES;
				SWIFT_VERSION = 5.0;
				TARGETED_DEVICE_FAMILY = "1,2";
			};
			name = Release;
		};
/* End XCBuildConfiguration section */

/* Begin XCConfigurationList section */
		920FBEEE2BE9335200220584 /* Build configuration list for PBXNativeTarget "DriveLoggerWidgetExtension" */ = {
			isa = XCConfigurationList;
			buildConfigurations = (
				920FBEEF2BE9335200220584 /* Debug */,
				920FBEF02BE9335200220584 /* Release */,
			);
			defaultConfigurationIsVisible = 0;
			defaultConfigurationName = Release;
		};
		921C1D4B2928334A00FCC373 /* Build configuration list for PBXProject "DriveLogger" */ = {
			isa = XCConfigurationList;
			buildConfigurations = (
				921C1D772928334C00FCC373 /* Debug */,
				921C1D782928334C00FCC373 /* Release */,
			);
			defaultConfigurationIsVisible = 0;
			defaultConfigurationName = Release;
		};
		921C1D792928334C00FCC373 /* Build configuration list for PBXNativeTarget "DriveLogger" */ = {
			isa = XCConfigurationList;
			buildConfigurations = (
				921C1D7A2928334C00FCC373 /* Debug */,
				921C1D7B2928334C00FCC373 /* Release */,
			);
			defaultConfigurationIsVisible = 0;
			defaultConfigurationName = Release;
		};
		921C1D7C2928334C00FCC373 /* Build configuration list for PBXNativeTarget "DriveLoggerTests" */ = {
			isa = XCConfigurationList;
			buildConfigurations = (
				921C1D7D2928334C00FCC373 /* Debug */,
				921C1D7E2928334C00FCC373 /* Release */,
			);
			defaultConfigurationIsVisible = 0;
			defaultConfigurationName = Release;
		};
		921C1D7F2928334C00FCC373 /* Build configuration list for PBXNativeTarget "DriveLoggerUITests" */ = {
			isa = XCConfigurationList;
			buildConfigurations = (
				921C1D802928334C00FCC373 /* Debug */,
				921C1D812928334C00FCC373 /* Release */,
			);
			defaultConfigurationIsVisible = 0;
			defaultConfigurationName = Release;
		};
		92A5B26E2C0246150071E415 /* Build configuration list for PBXNativeTarget "DriveLoggerAppIntents" */ = {
			isa = XCConfigurationList;
			buildConfigurations = (
				92A5B26C2C0246150071E415 /* Debug */,
				92A5B26D2C0246150071E415 /* Release */,
			);
			defaultConfigurationIsVisible = 0;
			defaultConfigurationName = Release;
		};
/* End XCConfigurationList section */

/* Begin XCVersionGroup section */
		9263EB12293FD44E00AC8EC3 /* DriveModel.xcdatamodeld */ = {
			isa = XCVersionGroup;
			children = (
				9263EB13293FD44E00AC8EC3 /* DriveModel.xcdatamodel */,
			);
			currentVersion = 9263EB13293FD44E00AC8EC3 /* DriveModel.xcdatamodel */;
			path = DriveModel.xcdatamodeld;
			sourceTree = "<group>";
			versionGroupType = wrapper.xcdatamodel;
		};
/* End XCVersionGroup section */
	};
	rootObject = 921C1D482928334A00FCC373 /* Project object */;
}
